PODS:
  - Nimble (7.3.1)
  - Quick (1.3.2)
  - SwiftLint (0.29.1)

DEPENDENCIES:
  - Nimble (= 7.3.1)
  - Quick (= 1.3.2)
  - SwiftLint (= 0.29.1)

SPEC REPOS:
  https://github.com/cocoapods/specs.git:
    - Nimble
    - Quick
    - SwiftLint

SPEC CHECKSUMS:
  Nimble: 04f732da099ea4d153122aec8c2a88fd0c7219ae
  Quick: 2623cb30d7a7f41ca62f684f679586558f483d46
  SwiftLint: aeb4fb74f39ad6fb53211dd3202cc662864508b6

PODFILE CHECKSUM: cc146015f19842b394bb22901a2487d6ed21de6a

COCOAPODS: 1.5.3
