PODS:
  - Nimble (8.0.2)
  - Quick (2.1.0)
  - SwiftLint (0.38.1)

DEPENDENCIES:
  - Nimble (= 8.0.2)
  - Quick (= 2.1.0)
  - SwiftLint (= 0.38.1)

SPEC REPOS:
  https://github.com/CocoaPods/Specs.git:
    - Nimble
    - Quick
    - SwiftLint

SPEC CHECKSUMS:
  Nimble: 622629381bda1dd5678162f21f1368cec7cbba60
  Quick: 4be43f6634acfa727dd106bdf3929ce125ffa79d
  SwiftLint: 0aeb99ca7ccfc222ef93e2560a35e669f5465e6c

PODFILE CHECKSUM: 9e7c3eda9d6f1eb21a665f8549b54d44fd2e7a86

COCOAPODS: 1.8.4
