// !$*UTF8*$!
{
	archiveVersion = 1;
	classes = {
	};
	objectVersion = 46;
	objects = {

/* Begin PBXBuildFile section */
		412222F26B670B4DE4DA2909 /* libPods-tflapp.a in Frameworks */ = {isa = PBXBuildFile; fileRef = A103EB36E89F05E8B43D63BE /* libPods-tflapp.a */; };
		5600FC8E217C8E4400B7EC7E /* TFLHUD.swift in Sources */ = {isa = PBXBuildFile; fileRef = 5600FC8D217C8E4400B7EC7E /* TFLHUD.swift */; };
		560CF3052173569600ED0BA5 /* Date+String.swift in Sources */ = {isa = PBXBuildFile; fileRef = 560CF3042173569600ED0BA5 /* Date+String.swift */; };
		560CF30721735C4900ED0BA5 /* TFLDateSpecs.swift in Sources */ = {isa = PBXBuildFile; fileRef = 560CF30621735C4900ED0BA5 /* TFLDateSpecs.swift */; };
		56113B29223BA68200C8EDA4 /* CLLocationCoordinate2DSpecs.swift in Sources */ = {isa = PBXBuildFile; fileRef = 56113B28223BA68200C8EDA4 /* CLLocationCoordinate2DSpecs.swift */; };
		56113B2B223BA70000C8EDA4 /* LoopRoute.json in Resources */ = {isa = PBXBuildFile; fileRef = 56113B2A223BA70000C8EDA4 /* LoopRoute.json */; };
		56113B2E223F7DC900C8EDA4 /* GoogleRouteInfo.swift in Sources */ = {isa = PBXBuildFile; fileRef = 56113B2D223F7DC900C8EDA4 /* GoogleRouteInfo.swift */; };
		56113B30224021BA00C8EDA4 /* LoopRoute2.json in Resources */ = {isa = PBXBuildFile; fileRef = 56113B2F224021BA00C8EDA4 /* LoopRoute2.json */; };
		561CA509210A607F0008B656 /* Collection+IndexPath.swift in Sources */ = {isa = PBXBuildFile; fileRef = 561CA507210A607E0008B656 /* Collection+IndexPath.swift */; };
		561CA50A210A607F0008B656 /* Collection+Transform.swift in Sources */ = {isa = PBXBuildFile; fileRef = 561CA508210A607F0008B656 /* Collection+Transform.swift */; };
		561CA50D210A656B0008B656 /* TFLSynchroniser.swift in Sources */ = {isa = PBXBuildFile; fileRef = 561CA50C210A656B0008B656 /* TFLSynchroniser.swift */; };
		561FD9021F1FB1F50012466A /* TFLClientSpecs.swift in Sources */ = {isa = PBXBuildFile; fileRef = 561FD9011F1FADD30012466A /* TFLClientSpecs.swift */; };
		562DBF5A1E05B6780028F3CD /* TFLSnapHandler.swift in Sources */ = {isa = PBXBuildFile; fileRef = 562DBF591E05B6780028F3CD /* TFLSnapHandler.swift */; };
		5632A7A221B342BB000E2E81 /* TFLUpdateStatusView.swift in Sources */ = {isa = PBXBuildFile; fileRef = 5632A7A121B342BB000E2E81 /* TFLUpdateStatusView.swift */; };
		563FF2F121A34524006DB5BB /* TFLCircleAnimationView.swift in Sources */ = {isa = PBXBuildFile; fileRef = 563FF2F021A34524006DB5BB /* TFLCircleAnimationView.swift */; };
		5641F6EE1F19F68B00A3A9D2 /* TFLRequestManagerSpecs.swift in Sources */ = {isa = PBXBuildFile; fileRef = 5641F6ED1F19F68100A3A9D2 /* TFLRequestManagerSpecs.swift */; };
		56439A2021B861690076A906 /* TFLTimerButton.swift in Sources */ = {isa = PBXBuildFile; fileRef = 56439A1F21B861680076A906 /* TFLTimerButton.swift */; };
		5646C4031DE62389006EA956 /* TFLBusStationArrivalsCellSpecs.swift in Sources */ = {isa = PBXBuildFile; fileRef = 5646C4021DE62389006EA956 /* TFLBusStationArrivalsCellSpecs.swift */; };
		564CA5A4222355F400E69A1C /* PolyLine.swift in Sources */ = {isa = PBXBuildFile; fileRef = 564CA5A3222355F400E69A1C /* PolyLine.swift */; };
		564CA5A62223561600E69A1C /* PolyLineSpecs.swift in Sources */ = {isa = PBXBuildFile; fileRef = 564CA5A52223561600E69A1C /* PolyLineSpecs.swift */; };
		564CA5A8222356B200E69A1C /* Array+Helper.swift in Sources */ = {isa = PBXBuildFile; fileRef = 564CA5A7222356B200E69A1C /* Array+Helper.swift */; };
		564EC6F51DE0A2A0008CFD11 /* TFLButton.swift in Sources */ = {isa = PBXBuildFile; fileRef = 564EC6F41DE0A2A0008CFD11 /* TFLButton.swift */; };
		564EC7051DE1917D008CFD11 /* TFLBusPredictionView.swift in Sources */ = {isa = PBXBuildFile; fileRef = 564EC6FF1DE1917D008CFD11 /* TFLBusPredictionView.swift */; };
		564EC7061DE1917D008CFD11 /* TFLBusPredictionViewCell.swift in Sources */ = {isa = PBXBuildFile; fileRef = 564EC7001DE1917D008CFD11 /* TFLBusPredictionViewCell.swift */; };
		564EC7071DE1917D008CFD11 /* TFLBusStationArrivalsCell.swift in Sources */ = {isa = PBXBuildFile; fileRef = 564EC7011DE1917D008CFD11 /* TFLBusStationArrivalsCell.swift */; };
		564EC7081DE1917D008CFD11 /* TFLBusStopArrivalsInfo.swift in Sources */ = {isa = PBXBuildFile; fileRef = 564EC7021DE1917D008CFD11 /* TFLBusStopArrivalsInfo.swift */; };
		564EC70A1DE1917D008CFD11 /* TFLNearbyBusStationsController.swift in Sources */ = {isa = PBXBuildFile; fileRef = 564EC7041DE1917D008CFD11 /* TFLNearbyBusStationsController.swift */; };
		5656717A219A244700F3B7EE /* TFLLineInfoRouteDirectory.swift in Sources */ = {isa = PBXBuildFile; fileRef = 56567179219A244600F3B7EE /* TFLLineInfoRouteDirectory.swift */; };
		56577D0120A0CF7700B40318 /* TFLRootViewControllerSpecs.swift in Sources */ = {isa = PBXBuildFile; fileRef = 56577D0020A0CF7700B40318 /* TFLRootViewControllerSpecs.swift */; };
		5657D3711DE38ADF004E4CD0 /* TFLBusPredictionSpecs.swift in Sources */ = {isa = PBXBuildFile; fileRef = 5657D3701DE38ADF004E4CD0 /* TFLBusPredictionSpecs.swift */; };
		5657D3731DE3A00A004E4CD0 /* TFLCDBusStopSpecs.swift in Sources */ = {isa = PBXBuildFile; fileRef = 5657D3721DE3A00A004E4CD0 /* TFLCDBusStopSpecs.swift */; };
		5657D3751DE3B480004E4CD0 /* TFLNotificationObserverSpec.swift in Sources */ = {isa = PBXBuildFile; fileRef = 5657D3741DE3B480004E4CD0 /* TFLNotificationObserverSpec.swift */; };
		565A1FC31DD8F317003CE960 /* TLFRequestManager.swift in Sources */ = {isa = PBXBuildFile; fileRef = 565A1FC21DD8F317003CE960 /* TLFRequestManager.swift */; };
		565A1FC51DD8F331003CE960 /* TLFClient.swift in Sources */ = {isa = PBXBuildFile; fileRef = 565A1FC41DD8F331003CE960 /* TLFClient.swift */; };
		565A1FC81DD8F6E6003CE960 /* TFLCoreDataStack.swift in Sources */ = {isa = PBXBuildFile; fileRef = 565A1FC71DD8F6E6003CE960 /* TFLCoreDataStack.swift */; };
		565A1FCF1DD8F93F003CE960 /* TFLNotificationObserver.swift in Sources */ = {isa = PBXBuildFile; fileRef = 565A1FCE1DD8F93F003CE960 /* TFLNotificationObserver.swift */; };
		565A1FD21DD8FB2A003CE960 /* Model.xcdatamodeld in Sources */ = {isa = PBXBuildFile; fileRef = 565A1FD01DD8FB2A003CE960 /* Model.xcdatamodeld */; };
		5666A75820F11C40003A38D4 /* TFLLogger.swift in Sources */ = {isa = PBXBuildFile; fileRef = 5666A75720F11C40003A38D4 /* TFLLogger.swift */; };
		566EF7C71DDA3A2B006162D7 /* TFLBusPrediction.swift in Sources */ = {isa = PBXBuildFile; fileRef = 566EF7C61DDA3A2B006162D7 /* TFLBusPrediction.swift */; };
		566EF7CC1DDB0851006162D7 /* TFLCDBusStop+CoreDataClass.swift in Sources */ = {isa = PBXBuildFile; fileRef = 566EF7CA1DDB0851006162D7 /* TFLCDBusStop+CoreDataClass.swift */; };
		566EF7CD1DDB0851006162D7 /* TFLCDBusStop+CoreDataProperties.swift in Sources */ = {isa = PBXBuildFile; fileRef = 566EF7CB1DDB0851006162D7 /* TFLCDBusStop+CoreDataProperties.swift */; };
		566EF7D11DDB5685006162D7 /* TFLBusStops.sqlite in Resources */ = {isa = PBXBuildFile; fileRef = 566EF7D01DDB5679006162D7 /* TFLBusStops.sqlite */; };
		566EF7D31DDB71CE006162D7 /* TFLBusStopStack.swift in Sources */ = {isa = PBXBuildFile; fileRef = 566EF7D21DDB71CE006162D7 /* TFLBusStopStack.swift */; };
		566EF7D71DDC4D14006162D7 /* TFLRootViewController.swift in Sources */ = {isa = PBXBuildFile; fileRef = 566EF7D61DDC4D14006162D7 /* TFLRootViewController.swift */; };
		566EF7E21DDC59ED006162D7 /* UIFont.swift in Sources */ = {isa = PBXBuildFile; fileRef = 566EF7E11DDC59ED006162D7 /* UIFont.swift */; };
		567224FB20CD8EE3007DA481 /* TFLStationDetailMapBusRouteOverLay.swift in Sources */ = {isa = PBXBuildFile; fileRef = 567224FA20CD8EE3007DA481 /* TFLStationDetailMapBusRouteOverLay.swift */; };
		567224FD20D564BF007DA481 /* TFLMapViewAnnotation.swift in Sources */ = {isa = PBXBuildFile; fileRef = 567224FC20D564BE007DA481 /* TFLMapViewAnnotation.swift */; };
		567224FF20D570A5007DA481 /* TFLBusStopAnnotationView.swift in Sources */ = {isa = PBXBuildFile; fileRef = 567224FE20D570A5007DA481 /* TFLBusStopAnnotationView.swift */; };
		5672250320D578C6007DA481 /* TFLStationDetailBusStopAnnotationView.swift in Sources */ = {isa = PBXBuildFile; fileRef = 5672250220D578C5007DA481 /* TFLStationDetailBusStopAnnotationView.swift */; };
		567F533920BC20610022FEFF /* TFLCDLineInfo+CoreDataClass.swift in Sources */ = {isa = PBXBuildFile; fileRef = 567F533720BC20610022FEFF /* TFLCDLineInfo+CoreDataClass.swift */; };
		567F533A20BC20610022FEFF /* TFLCDLineInfo+CoreDataProperties.swift in Sources */ = {isa = PBXBuildFile; fileRef = 567F533820BC20610022FEFF /* TFLCDLineInfo+CoreDataProperties.swift */; };
		567F533D20BDB34E0022FEFF /* TFLStationDetailController.swift in Sources */ = {isa = PBXBuildFile; fileRef = 567F533C20BDB34E0022FEFF /* TFLStationDetailController.swift */; };
		567F533F20BDB9C50022FEFF /* TFLStationDetailHeaderView.swift in Sources */ = {isa = PBXBuildFile; fileRef = 567F533E20BDB9C40022FEFF /* TFLStationDetailHeaderView.swift */; };
		567F534720BECA1B0022FEFF /* TFLStationDetailTableViewCell.swift in Sources */ = {isa = PBXBuildFile; fileRef = 567F534620BECA1B0022FEFF /* TFLStationDetailTableViewCell.swift */; };
		567F534920BF13040022FEFF /* TFLStationDetailTableViewController.swift in Sources */ = {isa = PBXBuildFile; fileRef = 567F534820BF13030022FEFF /* TFLStationDetailTableViewController.swift */; };
		567F534B20BF19360022FEFF /* TFLStationDetailTableViewModel.swift in Sources */ = {isa = PBXBuildFile; fileRef = 567F534A20BF19350022FEFF /* TFLStationDetailTableViewModel.swift */; };
		56823EA61DDDA39600E79B1A /* TFLLoadLocationView.swift in Sources */ = {isa = PBXBuildFile; fileRef = 56823EA51DDDA39600E79B1A /* TFLLoadLocationView.swift */; };
		56823EA81DDDA45600E79B1A /* TFLLoadNearbyStationsView.swift in Sources */ = {isa = PBXBuildFile; fileRef = 56823EA71DDDA45600E79B1A /* TFLLoadNearbyStationsView.swift */; };
		56823EAA1DDDA4CC00E79B1A /* TFLNoStationsView.swift in Sources */ = {isa = PBXBuildFile; fileRef = 56823EA91DDDA4CC00E79B1A /* TFLNoStationsView.swift */; };
		56823EAC1DDDA54100E79B1A /* TFLLoadArrivalTimesView.swift in Sources */ = {isa = PBXBuildFile; fileRef = 56823EAB1DDDA54100E79B1A /* TFLLoadArrivalTimesView.swift */; };
		56823EAE1DDDA5B300E79B1A /* TFLNoGPSEnabledView.swift in Sources */ = {isa = PBXBuildFile; fileRef = 56823EAD1DDDA5B300E79B1A /* TFLNoGPSEnabledView.swift */; };
		5683021D20C476A30035CCA1 /* TFLStationDetailMapViewController.swift in Sources */ = {isa = PBXBuildFile; fileRef = 5683021C20C476A30035CCA1 /* TFLStationDetailMapViewController.swift */; };
		5683021F20C49D230035CCA1 /* TFLStationDetailMapViewModel.swift in Sources */ = {isa = PBXBuildFile; fileRef = 5683021E20C49D230035CCA1 /* TFLStationDetailMapViewModel.swift */; };
		56835920218243BE0096615D /* TFLStationDetailErrorView.swift in Sources */ = {isa = PBXBuildFile; fileRef = 5683591F218243BE0096615D /* TFLStationDetailErrorView.swift */; };
		56835922218392070096615D /* TFLAnimatedLabelSpecs.swift in Sources */ = {isa = PBXBuildFile; fileRef = 56835921218392070096615D /* TFLAnimatedLabelSpecs.swift */; };
		5683592421839E8B0096615D /* TFLHUDSpecs.swift in Sources */ = {isa = PBXBuildFile; fileRef = 5683592321839E8B0096615D /* TFLHUDSpecs.swift */; };
		5685ADC41DEF8DDC009FD6A5 /* TFLBusPredictionViewCellSpecs.swift in Sources */ = {isa = PBXBuildFile; fileRef = 5685ADC31DEF8DDC009FD6A5 /* TFLBusPredictionViewCellSpecs.swift */; };
		5689612220C074AE00335DEB /* TFLCDLineRoute+CoreDataClass.swift in Sources */ = {isa = PBXBuildFile; fileRef = 5689612020C074AE00335DEB /* TFLCDLineRoute+CoreDataClass.swift */; };
		5689612320C074AE00335DEB /* TFLCDLineRoute+CoreDataProperties.swift in Sources */ = {isa = PBXBuildFile; fileRef = 5689612120C074AE00335DEB /* TFLCDLineRoute+CoreDataProperties.swift */; };
		5689612520C089CF00335DEB /* TFLStationDetailSectionHeaderView.swift in Sources */ = {isa = PBXBuildFile; fileRef = 5689612420C089CE00335DEB /* TFLStationDetailSectionHeaderView.swift */; };
		5689612720C08AFC00335DEB /* TFLStationDetailSectionHeaderView.xib in Resources */ = {isa = PBXBuildFile; fileRef = 5689612620C08AFC00335DEB /* TFLStationDetailSectionHeaderView.xib */; };
		568E068521E6B14D00E92AF7 /* TFLArrivalInfoView.swift in Sources */ = {isa = PBXBuildFile; fileRef = 568E068421E6B14D00E92AF7 /* TFLArrivalInfoView.swift */; };
		5692B5001DF2E26300C56A3C /* TFLSlideContainerController.swift in Sources */ = {isa = PBXBuildFile; fileRef = 5692B4FF1DF2E26300C56A3C /* TFLSlideContainerController.swift */; };
		5692B5031DF2E4EB00C56A3C /* TFLMapViewController.swift in Sources */ = {isa = PBXBuildFile; fileRef = 5692B5021DF2E4EB00C56A3C /* TFLMapViewController.swift */; };
		5699A687218E2E3C00CD1427 /* UIImage+Helper.swift in Sources */ = {isa = PBXBuildFile; fileRef = 5699A686218E2E3C00CD1427 /* UIImage+Helper.swift */; };
		5699A68C218EE77200CD1427 /* CLLocationCoordinate2D+Helper.swift in Sources */ = {isa = PBXBuildFile; fileRef = 5699A68B218EE77100CD1427 /* CLLocationCoordinate2D+Helper.swift */; };
		56A4907721977FF6004024D9 /* abbreviations.plist in Resources */ = {isa = PBXBuildFile; fileRef = 56A4907921977FF6004024D9 /* abbreviations.plist */; };
		56A4907C219781C0004024D9 /* TFLRouteFormatter.swift in Sources */ = {isa = PBXBuildFile; fileRef = 56A4907B219781C0004024D9 /* TFLRouteFormatter.swift */; };
		56A4907F219799EA004024D9 /* TFLCoreSpotLightDataProvider.swift in Sources */ = {isa = PBXBuildFile; fileRef = 56A4907E219799EA004024D9 /* TFLCoreSpotLightDataProvider.swift */; };
		56A81B2F1DD862DC001DF7F1 /* TFLAppDelegate.swift in Sources */ = {isa = PBXBuildFile; fileRef = 56A81B2E1DD862DC001DF7F1 /* TFLAppDelegate.swift */; };
		56A81B341DD862DC001DF7F1 /* Main.storyboard in Resources */ = {isa = PBXBuildFile; fileRef = 56A81B321DD862DC001DF7F1 /* Main.storyboard */; };
		56A81B391DD862DC001DF7F1 /* Assets.xcassets in Resources */ = {isa = PBXBuildFile; fileRef = 56A81B381DD862DC001DF7F1 /* Assets.xcassets */; };
		56A81B3C1DD862DC001DF7F1 /* LaunchScreen.storyboard in Resources */ = {isa = PBXBuildFile; fileRef = 56A81B3A1DD862DC001DF7F1 /* LaunchScreen.storyboard */; };
		56A98CE92115A9B100E69BCB /* TFLBusArrivalInfoAggregator.swift in Sources */ = {isa = PBXBuildFile; fileRef = 56A98CE82115A9B100E69BCB /* TFLBusArrivalInfoAggregator.swift */; };
		56A98CEB2115B2E600E69BCB /* TFLBusStopDBGenerator.swift in Sources */ = {isa = PBXBuildFile; fileRef = 56A98CEA2115B2E600E69BCB /* TFLBusStopDBGenerator.swift */; };
		56A98CED211A4FB200E69BCB /* TFLErrorContainerVIew.swift in Sources */ = {isa = PBXBuildFile; fileRef = 56A98CEC211A4FB200E69BCB /* TFLErrorContainerVIew.swift */; };
		56B86EAD1DE4FED000A89D16 /* TFLBusStopArrivalsViewModelSpecs.swift in Sources */ = {isa = PBXBuildFile; fileRef = 56B86EAC1DE4FED000A89D16 /* TFLBusStopArrivalsViewModelSpecs.swift */; };
		56B888F021BDD039008CC2B8 /* TFLVehicleArrivalInfo.swift in Sources */ = {isa = PBXBuildFile; fileRef = 56B888EF21BDD039008CC2B8 /* TFLVehicleArrivalInfo.swift */; };
		56BA8F8D20FBE22A0031A3E4 /* Arrivals.json in Resources */ = {isa = PBXBuildFile; fileRef = 56BA8F8C20FBE22A0031A3E4 /* Arrivals.json */; };
		56BA8F8F20FBE4550031A3E4 /* Busstops.json in Resources */ = {isa = PBXBuildFile; fileRef = 56BA8F8E20FBE4550031A3E4 /* Busstops.json */; };
		56BA8F9120FBE7550031A3E4 /* TestUrlProtocol.swift in Sources */ = {isa = PBXBuildFile; fileRef = 56BA8F9020FBE7550031A3E4 /* TestUrlProtocol.swift */; };
		56BA8F9320FE9BB60031A3E4 /* QuickSpec+Helper.swift in Sources */ = {isa = PBXBuildFile; fileRef = 56BA8F9220FE9BB60031A3E4 /* QuickSpec+Helper.swift */; };
		56BDFDA221FBC109009B0FEF /* TFLDroppingBallView.swift in Sources */ = {isa = PBXBuildFile; fileRef = 56BDFDA121FBC109009B0FEF /* TFLDroppingBallView.swift */; };
		56C0944C20D9AE0C00581995 /* Settings.bundle in Resources */ = {isa = PBXBuildFile; fileRef = 56C0944B20D9ADD800581995 /* Settings.bundle */; };
		56C2D6DC1DE5D6B000F43628 /* TFLBusStopArrivalsViewModel.swift in Sources */ = {isa = PBXBuildFile; fileRef = 564EC7031DE1917D008CFD11 /* TFLBusStopArrivalsViewModel.swift */; };
		56C6A3471DF44F6A00067D06 /* TFLStationDetailMapViewAnnotation.swift in Sources */ = {isa = PBXBuildFile; fileRef = 56C6A3461DF44F6A00067D06 /* TFLStationDetailMapViewAnnotation.swift */; };
		56C828901DE8E9FA00E52086 /* TFLChangeSetProtocolSpecs.swift in Sources */ = {isa = PBXBuildFile; fileRef = 56C8288F1DE8E9FA00E52086 /* TFLChangeSetProtocolSpecs.swift */; };
		56C828961DEA396400E52086 /* TFLCollectionFlowLayout.swift in Sources */ = {isa = PBXBuildFile; fileRef = 56C828951DEA396400E52086 /* TFLCollectionFlowLayout.swift */; };
		56D0AF331E141D2C00F466C4 /* TFLAnimatedLabel.swift in Sources */ = {isa = PBXBuildFile; fileRef = 56D0AF321E141D2C00F466C4 /* TFLAnimatedLabel.swift */; };
		56D70D141DD9A25F004CA293 /* TFLLocationManager.swift in Sources */ = {isa = PBXBuildFile; fileRef = 56D70D131DD9A25F004CA293 /* TFLLocationManager.swift */; };
		56D70D341DD9A7A6004CA293 /* InfoPlist.strings in Resources */ = {isa = PBXBuildFile; fileRef = 56D70D301DD9A7A6004CA293 /* InfoPlist.strings */; };
		56D70D351DD9A7A6004CA293 /* Localizable.strings in Resources */ = {isa = PBXBuildFile; fileRef = 56D70D321DD9A7A6004CA293 /* Localizable.strings */; };
		56DA42EC21051E8A00ED9C54 /* TFLBusStopArrivalsInfoSpecs.swift in Sources */ = {isa = PBXBuildFile; fileRef = 56DA42EB21051E8A00ED9C54 /* TFLBusStopArrivalsInfoSpecs.swift */; };
		56DD18FD20A0B078003335D1 /* TFLTimerSpecs.swift in Sources */ = {isa = PBXBuildFile; fileRef = 56DD18FC20A0B078003335D1 /* TFLTimerSpecs.swift */; };
		56DD190020A0B0C1003335D1 /* TFLTimer.swift in Sources */ = {isa = PBXBuildFile; fileRef = 56DD18FF20A0B0C1003335D1 /* TFLTimer.swift */; };
		56E7217D221234C600733B9F /* TFLOfflineView.swift in Sources */ = {isa = PBXBuildFile; fileRef = 56E7217C221234C600733B9F /* TFLOfflineView.swift */; };
		56E721802213625C00733B9F /* TFLSplashscreenController.swift in Sources */ = {isa = PBXBuildFile; fileRef = 56E7217F2213625C00733B9F /* TFLSplashscreenController.swift */; };
		56E721822214CF6D00733B9F /* UIViewController+Helper.swift in Sources */ = {isa = PBXBuildFile; fileRef = 56E721812214CF6D00733B9F /* UIViewController+Helper.swift */; };
		E20D423B8CB389E40E7B31A8 /* libPods-tflApp Tests.a in Frameworks */ = {isa = PBXBuildFile; fileRef = E5F3652046144D840A09945C /* libPods-tflApp Tests.a */; };
/* End PBXBuildFile section */

/* Begin PBXContainerItemProxy section */
		5657D36B1DE387E6004E4CD0 /* PBXContainerItemProxy */ = {
			isa = PBXContainerItemProxy;
			containerPortal = 56A81B231DD862DC001DF7F1 /* Project object */;
			proxyType = 1;
			remoteGlobalIDString = 56A81B2A1DD862DC001DF7F1;
			remoteInfo = tflapp;
		};
/* End PBXContainerItemProxy section */

/* Begin PBXFileReference section */
		09B8C602EFB434FF269AB5A9 /* Pods-tflapp.release.xcconfig */ = {isa = PBXFileReference; includeInIndex = 1; lastKnownFileType = text.xcconfig; name = "Pods-tflapp.release.xcconfig"; path = "Pods/Target Support Files/Pods-tflapp/Pods-tflapp.release.xcconfig"; sourceTree = "<group>"; };
		29D20D8BDB3378F1D7CC9DAE /* Pods-tflapp.debug.xcconfig */ = {isa = PBXFileReference; includeInIndex = 1; lastKnownFileType = text.xcconfig; name = "Pods-tflapp.debug.xcconfig"; path = "Pods/Target Support Files/Pods-tflapp/Pods-tflapp.debug.xcconfig"; sourceTree = "<group>"; };
		5600FC8D217C8E4400B7EC7E /* TFLHUD.swift */ = {isa = PBXFileReference; lastKnownFileType = sourcecode.swift; path = TFLHUD.swift; sourceTree = "<group>"; };
		560CF3042173569600ED0BA5 /* Date+String.swift */ = {isa = PBXFileReference; fileEncoding = 4; lastKnownFileType = sourcecode.swift; path = "Date+String.swift"; sourceTree = "<group>"; };
		560CF30621735C4900ED0BA5 /* TFLDateSpecs.swift */ = {isa = PBXFileReference; fileEncoding = 4; lastKnownFileType = sourcecode.swift; path = TFLDateSpecs.swift; sourceTree = "<group>"; };
		56113B28223BA68200C8EDA4 /* CLLocationCoordinate2DSpecs.swift */ = {isa = PBXFileReference; fileEncoding = 4; lastKnownFileType = sourcecode.swift; path = CLLocationCoordinate2DSpecs.swift; sourceTree = "<group>"; };
		56113B2A223BA70000C8EDA4 /* LoopRoute.json */ = {isa = PBXFileReference; fileEncoding = 4; lastKnownFileType = text.json; path = LoopRoute.json; sourceTree = "<group>"; };
		56113B2D223F7DC900C8EDA4 /* GoogleRouteInfo.swift */ = {isa = PBXFileReference; lastKnownFileType = sourcecode.swift; path = GoogleRouteInfo.swift; sourceTree = "<group>"; };
		56113B2F224021BA00C8EDA4 /* LoopRoute2.json */ = {isa = PBXFileReference; fileEncoding = 4; lastKnownFileType = text.json; path = LoopRoute2.json; sourceTree = "<group>"; };
		561CA507210A607E0008B656 /* Collection+IndexPath.swift */ = {isa = PBXFileReference; fileEncoding = 4; lastKnownFileType = sourcecode.swift; path = "Collection+IndexPath.swift"; sourceTree = "<group>"; };
		561CA508210A607F0008B656 /* Collection+Transform.swift */ = {isa = PBXFileReference; fileEncoding = 4; lastKnownFileType = sourcecode.swift; path = "Collection+Transform.swift"; sourceTree = "<group>"; };
		561CA50C210A656B0008B656 /* TFLSynchroniser.swift */ = {isa = PBXFileReference; lastKnownFileType = sourcecode.swift; path = TFLSynchroniser.swift; sourceTree = "<group>"; };
		561FD9011F1FADD30012466A /* TFLClientSpecs.swift */ = {isa = PBXFileReference; lastKnownFileType = sourcecode.swift; path = TFLClientSpecs.swift; sourceTree = "<group>"; };
		562DBF591E05B6780028F3CD /* TFLSnapHandler.swift */ = {isa = PBXFileReference; fileEncoding = 4; lastKnownFileType = sourcecode.swift; path = TFLSnapHandler.swift; sourceTree = "<group>"; };
		5632A7A121B342BB000E2E81 /* TFLUpdateStatusView.swift */ = {isa = PBXFileReference; lastKnownFileType = sourcecode.swift; path = TFLUpdateStatusView.swift; sourceTree = "<group>"; };
		563FF2F021A34524006DB5BB /* TFLCircleAnimationView.swift */ = {isa = PBXFileReference; fileEncoding = 4; lastKnownFileType = sourcecode.swift; path = TFLCircleAnimationView.swift; sourceTree = "<group>"; };
		5641F6ED1F19F68100A3A9D2 /* TFLRequestManagerSpecs.swift */ = {isa = PBXFileReference; lastKnownFileType = sourcecode.swift; path = TFLRequestManagerSpecs.swift; sourceTree = "<group>"; };
		5642EF0720ED63AD00A7914F /* mapstogpx20180704_193755.gpx */ = {isa = PBXFileReference; fileEncoding = 4; lastKnownFileType = text.xml; path = mapstogpx20180704_193755.gpx; sourceTree = "<group>"; };
		56439A1F21B861680076A906 /* TFLTimerButton.swift */ = {isa = PBXFileReference; fileEncoding = 4; lastKnownFileType = sourcecode.swift; path = TFLTimerButton.swift; sourceTree = "<group>"; };
		5646C4021DE62389006EA956 /* TFLBusStationArrivalsCellSpecs.swift */ = {isa = PBXFileReference; fileEncoding = 4; lastKnownFileType = sourcecode.swift; path = TFLBusStationArrivalsCellSpecs.swift; sourceTree = "<group>"; };
		564CA5A3222355F400E69A1C /* PolyLine.swift */ = {isa = PBXFileReference; fileEncoding = 4; lastKnownFileType = sourcecode.swift; path = PolyLine.swift; sourceTree = "<group>"; };
		564CA5A52223561600E69A1C /* PolyLineSpecs.swift */ = {isa = PBXFileReference; fileEncoding = 4; lastKnownFileType = sourcecode.swift; path = PolyLineSpecs.swift; sourceTree = "<group>"; };
		564CA5A7222356B200E69A1C /* Array+Helper.swift */ = {isa = PBXFileReference; lastKnownFileType = sourcecode.swift; path = "Array+Helper.swift"; sourceTree = "<group>"; };
		564EC6EF1DDFAA67008CFD11 /* LICENSE */ = {isa = PBXFileReference; fileEncoding = 4; lastKnownFileType = text; path = LICENSE; sourceTree = "<group>"; };
		564EC6F41DE0A2A0008CFD11 /* TFLButton.swift */ = {isa = PBXFileReference; fileEncoding = 4; lastKnownFileType = sourcecode.swift; path = TFLButton.swift; sourceTree = "<group>"; };
		564EC6FF1DE1917D008CFD11 /* TFLBusPredictionView.swift */ = {isa = PBXFileReference; fileEncoding = 4; lastKnownFileType = sourcecode.swift; path = TFLBusPredictionView.swift; sourceTree = "<group>"; };
		564EC7001DE1917D008CFD11 /* TFLBusPredictionViewCell.swift */ = {isa = PBXFileReference; fileEncoding = 4; lastKnownFileType = sourcecode.swift; path = TFLBusPredictionViewCell.swift; sourceTree = "<group>"; };
		564EC7011DE1917D008CFD11 /* TFLBusStationArrivalsCell.swift */ = {isa = PBXFileReference; fileEncoding = 4; lastKnownFileType = sourcecode.swift; path = TFLBusStationArrivalsCell.swift; sourceTree = "<group>"; };
		564EC7021DE1917D008CFD11 /* TFLBusStopArrivalsInfo.swift */ = {isa = PBXFileReference; fileEncoding = 4; lastKnownFileType = sourcecode.swift; path = TFLBusStopArrivalsInfo.swift; sourceTree = "<group>"; };
		564EC7031DE1917D008CFD11 /* TFLBusStopArrivalsViewModel.swift */ = {isa = PBXFileReference; fileEncoding = 4; lastKnownFileType = sourcecode.swift; path = TFLBusStopArrivalsViewModel.swift; sourceTree = "<group>"; };
		564EC7041DE1917D008CFD11 /* TFLNearbyBusStationsController.swift */ = {isa = PBXFileReference; fileEncoding = 4; lastKnownFileType = sourcecode.swift; path = TFLNearbyBusStationsController.swift; sourceTree = "<group>"; };
		56567179219A244600F3B7EE /* TFLLineInfoRouteDirectory.swift */ = {isa = PBXFileReference; fileEncoding = 4; lastKnownFileType = sourcecode.swift; path = TFLLineInfoRouteDirectory.swift; sourceTree = "<group>"; };
		56577D0020A0CF7700B40318 /* TFLRootViewControllerSpecs.swift */ = {isa = PBXFileReference; fileEncoding = 4; lastKnownFileType = sourcecode.swift; path = TFLRootViewControllerSpecs.swift; sourceTree = "<group>"; };
		5657D3661DE387E6004E4CD0 /* tflApp Tests.xctest */ = {isa = PBXFileReference; explicitFileType = wrapper.cfbundle; includeInIndex = 0; path = "tflApp Tests.xctest"; sourceTree = BUILT_PRODUCTS_DIR; };
		5657D36A1DE387E6004E4CD0 /* Info.plist */ = {isa = PBXFileReference; lastKnownFileType = text.plist.xml; path = Info.plist; sourceTree = "<group>"; };
		5657D3701DE38ADF004E4CD0 /* TFLBusPredictionSpecs.swift */ = {isa = PBXFileReference; fileEncoding = 4; lastKnownFileType = sourcecode.swift; path = TFLBusPredictionSpecs.swift; sourceTree = "<group>"; };
		5657D3721DE3A00A004E4CD0 /* TFLCDBusStopSpecs.swift */ = {isa = PBXFileReference; fileEncoding = 4; lastKnownFileType = sourcecode.swift; path = TFLCDBusStopSpecs.swift; sourceTree = "<group>"; };
		5657D3741DE3B480004E4CD0 /* TFLNotificationObserverSpec.swift */ = {isa = PBXFileReference; fileEncoding = 4; lastKnownFileType = sourcecode.swift; path = TFLNotificationObserverSpec.swift; sourceTree = "<group>"; };
		565A1FC21DD8F317003CE960 /* TLFRequestManager.swift */ = {isa = PBXFileReference; fileEncoding = 4; lastKnownFileType = sourcecode.swift; path = TLFRequestManager.swift; sourceTree = "<group>"; };
		565A1FC41DD8F331003CE960 /* TLFClient.swift */ = {isa = PBXFileReference; fileEncoding = 4; lastKnownFileType = sourcecode.swift; path = TLFClient.swift; sourceTree = "<group>"; };
		565A1FC71DD8F6E6003CE960 /* TFLCoreDataStack.swift */ = {isa = PBXFileReference; fileEncoding = 4; lastKnownFileType = sourcecode.swift; path = TFLCoreDataStack.swift; sourceTree = "<group>"; };
		565A1FCE1DD8F93F003CE960 /* TFLNotificationObserver.swift */ = {isa = PBXFileReference; fileEncoding = 4; lastKnownFileType = sourcecode.swift; path = TFLNotificationObserver.swift; sourceTree = "<group>"; };
		565A1FD11DD8FB2A003CE960 /* Model.xcdatamodel */ = {isa = PBXFileReference; lastKnownFileType = wrapper.xcdatamodel; path = Model.xcdatamodel; sourceTree = "<group>"; };
		5666A75720F11C40003A38D4 /* TFLLogger.swift */ = {isa = PBXFileReference; lastKnownFileType = sourcecode.swift; path = TFLLogger.swift; sourceTree = "<group>"; };
		566EF7C61DDA3A2B006162D7 /* TFLBusPrediction.swift */ = {isa = PBXFileReference; fileEncoding = 4; lastKnownFileType = sourcecode.swift; path = TFLBusPrediction.swift; sourceTree = "<group>"; };
		566EF7CA1DDB0851006162D7 /* TFLCDBusStop+CoreDataClass.swift */ = {isa = PBXFileReference; fileEncoding = 4; lastKnownFileType = sourcecode.swift; path = "TFLCDBusStop+CoreDataClass.swift"; sourceTree = "<group>"; };
		566EF7CB1DDB0851006162D7 /* TFLCDBusStop+CoreDataProperties.swift */ = {isa = PBXFileReference; fileEncoding = 4; lastKnownFileType = sourcecode.swift; path = "TFLCDBusStop+CoreDataProperties.swift"; sourceTree = "<group>"; };
		566EF7D01DDB5679006162D7 /* TFLBusStops.sqlite */ = {isa = PBXFileReference; lastKnownFileType = file; path = TFLBusStops.sqlite; sourceTree = "<group>"; };
		566EF7D21DDB71CE006162D7 /* TFLBusStopStack.swift */ = {isa = PBXFileReference; fileEncoding = 4; lastKnownFileType = sourcecode.swift; path = TFLBusStopStack.swift; sourceTree = "<group>"; };
		566EF7D61DDC4D14006162D7 /* TFLRootViewController.swift */ = {isa = PBXFileReference; fileEncoding = 4; lastKnownFileType = sourcecode.swift; path = TFLRootViewController.swift; sourceTree = "<group>"; };
		566EF7E11DDC59ED006162D7 /* UIFont.swift */ = {isa = PBXFileReference; fileEncoding = 4; lastKnownFileType = sourcecode.swift; path = UIFont.swift; sourceTree = "<group>"; };
		567224FA20CD8EE3007DA481 /* TFLStationDetailMapBusRouteOverLay.swift */ = {isa = PBXFileReference; fileEncoding = 4; lastKnownFileType = sourcecode.swift; path = TFLStationDetailMapBusRouteOverLay.swift; sourceTree = "<group>"; };
		567224FC20D564BE007DA481 /* TFLMapViewAnnotation.swift */ = {isa = PBXFileReference; fileEncoding = 4; lastKnownFileType = sourcecode.swift; path = TFLMapViewAnnotation.swift; sourceTree = "<group>"; };
		567224FE20D570A5007DA481 /* TFLBusStopAnnotationView.swift */ = {isa = PBXFileReference; lastKnownFileType = sourcecode.swift; path = TFLBusStopAnnotationView.swift; sourceTree = "<group>"; };
		5672250220D578C5007DA481 /* TFLStationDetailBusStopAnnotationView.swift */ = {isa = PBXFileReference; fileEncoding = 4; lastKnownFileType = sourcecode.swift; path = TFLStationDetailBusStopAnnotationView.swift; sourceTree = "<group>"; };
		567F533720BC20610022FEFF /* TFLCDLineInfo+CoreDataClass.swift */ = {isa = PBXFileReference; lastKnownFileType = sourcecode.swift; path = "TFLCDLineInfo+CoreDataClass.swift"; sourceTree = "<group>"; };
		567F533820BC20610022FEFF /* TFLCDLineInfo+CoreDataProperties.swift */ = {isa = PBXFileReference; lastKnownFileType = sourcecode.swift; path = "TFLCDLineInfo+CoreDataProperties.swift"; sourceTree = "<group>"; };
		567F533C20BDB34E0022FEFF /* TFLStationDetailController.swift */ = {isa = PBXFileReference; lastKnownFileType = sourcecode.swift; path = TFLStationDetailController.swift; sourceTree = "<group>"; };
		567F533E20BDB9C40022FEFF /* TFLStationDetailHeaderView.swift */ = {isa = PBXFileReference; lastKnownFileType = sourcecode.swift; path = TFLStationDetailHeaderView.swift; sourceTree = "<group>"; };
		567F534620BECA1B0022FEFF /* TFLStationDetailTableViewCell.swift */ = {isa = PBXFileReference; fileEncoding = 4; lastKnownFileType = sourcecode.swift; path = TFLStationDetailTableViewCell.swift; sourceTree = "<group>"; };
		567F534820BF13030022FEFF /* TFLStationDetailTableViewController.swift */ = {isa = PBXFileReference; fileEncoding = 4; lastKnownFileType = sourcecode.swift; path = TFLStationDetailTableViewController.swift; sourceTree = "<group>"; };
		567F534A20BF19350022FEFF /* TFLStationDetailTableViewModel.swift */ = {isa = PBXFileReference; fileEncoding = 4; lastKnownFileType = sourcecode.swift; path = TFLStationDetailTableViewModel.swift; sourceTree = "<group>"; };
		56823EA51DDDA39600E79B1A /* TFLLoadLocationView.swift */ = {isa = PBXFileReference; fileEncoding = 4; lastKnownFileType = sourcecode.swift; path = TFLLoadLocationView.swift; sourceTree = "<group>"; };
		56823EA71DDDA45600E79B1A /* TFLLoadNearbyStationsView.swift */ = {isa = PBXFileReference; fileEncoding = 4; lastKnownFileType = sourcecode.swift; path = TFLLoadNearbyStationsView.swift; sourceTree = "<group>"; };
		56823EA91DDDA4CC00E79B1A /* TFLNoStationsView.swift */ = {isa = PBXFileReference; fileEncoding = 4; lastKnownFileType = sourcecode.swift; path = TFLNoStationsView.swift; sourceTree = "<group>"; };
		56823EAB1DDDA54100E79B1A /* TFLLoadArrivalTimesView.swift */ = {isa = PBXFileReference; fileEncoding = 4; lastKnownFileType = sourcecode.swift; path = TFLLoadArrivalTimesView.swift; sourceTree = "<group>"; };
		56823EAD1DDDA5B300E79B1A /* TFLNoGPSEnabledView.swift */ = {isa = PBXFileReference; fileEncoding = 4; lastKnownFileType = sourcecode.swift; path = TFLNoGPSEnabledView.swift; sourceTree = "<group>"; };
		5683021C20C476A30035CCA1 /* TFLStationDetailMapViewController.swift */ = {isa = PBXFileReference; fileEncoding = 4; lastKnownFileType = sourcecode.swift; path = TFLStationDetailMapViewController.swift; sourceTree = "<group>"; };
		5683021E20C49D230035CCA1 /* TFLStationDetailMapViewModel.swift */ = {isa = PBXFileReference; fileEncoding = 4; lastKnownFileType = sourcecode.swift; path = TFLStationDetailMapViewModel.swift; sourceTree = "<group>"; };
		5683591F218243BE0096615D /* TFLStationDetailErrorView.swift */ = {isa = PBXFileReference; lastKnownFileType = sourcecode.swift; path = TFLStationDetailErrorView.swift; sourceTree = "<group>"; };
		56835921218392070096615D /* TFLAnimatedLabelSpecs.swift */ = {isa = PBXFileReference; fileEncoding = 4; lastKnownFileType = sourcecode.swift; path = TFLAnimatedLabelSpecs.swift; sourceTree = "<group>"; };
		5683592321839E8B0096615D /* TFLHUDSpecs.swift */ = {isa = PBXFileReference; fileEncoding = 4; lastKnownFileType = sourcecode.swift; path = TFLHUDSpecs.swift; sourceTree = "<group>"; };
		5685ADC31DEF8DDC009FD6A5 /* TFLBusPredictionViewCellSpecs.swift */ = {isa = PBXFileReference; fileEncoding = 4; lastKnownFileType = sourcecode.swift; path = TFLBusPredictionViewCellSpecs.swift; sourceTree = "<group>"; };
		5689612020C074AE00335DEB /* TFLCDLineRoute+CoreDataClass.swift */ = {isa = PBXFileReference; lastKnownFileType = sourcecode.swift; path = "TFLCDLineRoute+CoreDataClass.swift"; sourceTree = "<group>"; };
		5689612120C074AE00335DEB /* TFLCDLineRoute+CoreDataProperties.swift */ = {isa = PBXFileReference; lastKnownFileType = sourcecode.swift; path = "TFLCDLineRoute+CoreDataProperties.swift"; sourceTree = "<group>"; };
		5689612420C089CE00335DEB /* TFLStationDetailSectionHeaderView.swift */ = {isa = PBXFileReference; fileEncoding = 4; lastKnownFileType = sourcecode.swift; path = TFLStationDetailSectionHeaderView.swift; sourceTree = "<group>"; };
		5689612620C08AFC00335DEB /* TFLStationDetailSectionHeaderView.xib */ = {isa = PBXFileReference; lastKnownFileType = file.xib; path = TFLStationDetailSectionHeaderView.xib; sourceTree = "<group>"; };
		568E068421E6B14D00E92AF7 /* TFLArrivalInfoView.swift */ = {isa = PBXFileReference; lastKnownFileType = sourcecode.swift; path = TFLArrivalInfoView.swift; sourceTree = "<group>"; };
		5692B4FF1DF2E26300C56A3C /* TFLSlideContainerController.swift */ = {isa = PBXFileReference; fileEncoding = 4; lastKnownFileType = sourcecode.swift; path = TFLSlideContainerController.swift; sourceTree = "<group>"; };
		5692B5021DF2E4EB00C56A3C /* TFLMapViewController.swift */ = {isa = PBXFileReference; fileEncoding = 4; lastKnownFileType = sourcecode.swift; path = TFLMapViewController.swift; sourceTree = "<group>"; };
		5699A686218E2E3C00CD1427 /* UIImage+Helper.swift */ = {isa = PBXFileReference; lastKnownFileType = sourcecode.swift; path = "UIImage+Helper.swift"; sourceTree = "<group>"; };
		5699A68B218EE77100CD1427 /* CLLocationCoordinate2D+Helper.swift */ = {isa = PBXFileReference; fileEncoding = 4; lastKnownFileType = sourcecode.swift; path = "CLLocationCoordinate2D+Helper.swift"; sourceTree = "<group>"; };
		56A4907021977B40004024D9 /* en */ = {isa = PBXFileReference; lastKnownFileType = text.plist.entitlements; name = en; path = en.lproj/tflapp.entitlements; sourceTree = "<group>"; };
		56A4907821977FF6004024D9 /* en */ = {isa = PBXFileReference; lastKnownFileType = text.plist.xml; name = en; path = en.lproj/abbreviations.plist; sourceTree = "<group>"; };
		56A4907B219781C0004024D9 /* TFLRouteFormatter.swift */ = {isa = PBXFileReference; lastKnownFileType = sourcecode.swift; path = TFLRouteFormatter.swift; sourceTree = "<group>"; };
		56A4907E219799EA004024D9 /* TFLCoreSpotLightDataProvider.swift */ = {isa = PBXFileReference; lastKnownFileType = sourcecode.swift; path = TFLCoreSpotLightDataProvider.swift; sourceTree = "<group>"; };
		56A81B2B1DD862DC001DF7F1 /* London Bus.app */ = {isa = PBXFileReference; explicitFileType = wrapper.application; includeInIndex = 0; path = "London Bus.app"; sourceTree = BUILT_PRODUCTS_DIR; };
		56A81B2E1DD862DC001DF7F1 /* TFLAppDelegate.swift */ = {isa = PBXFileReference; lastKnownFileType = sourcecode.swift; path = TFLAppDelegate.swift; sourceTree = "<group>"; };
		56A81B331DD862DC001DF7F1 /* Base */ = {isa = PBXFileReference; lastKnownFileType = file.storyboard; name = Base; path = Base.lproj/Main.storyboard; sourceTree = "<group>"; };
		56A81B381DD862DC001DF7F1 /* Assets.xcassets */ = {isa = PBXFileReference; lastKnownFileType = folder.assetcatalog; path = Assets.xcassets; sourceTree = "<group>"; };
		56A81B3B1DD862DC001DF7F1 /* Base */ = {isa = PBXFileReference; lastKnownFileType = file.storyboard; name = Base; path = Base.lproj/LaunchScreen.storyboard; sourceTree = "<group>"; };
		56A81B3D1DD862DC001DF7F1 /* Info.plist */ = {isa = PBXFileReference; lastKnownFileType = text.plist.xml; path = Info.plist; sourceTree = "<group>"; };
		56A98CE82115A9B100E69BCB /* TFLBusArrivalInfoAggregator.swift */ = {isa = PBXFileReference; lastKnownFileType = sourcecode.swift; path = TFLBusArrivalInfoAggregator.swift; sourceTree = "<group>"; };
		56A98CEA2115B2E600E69BCB /* TFLBusStopDBGenerator.swift */ = {isa = PBXFileReference; lastKnownFileType = sourcecode.swift; path = TFLBusStopDBGenerator.swift; sourceTree = "<group>"; };
		56A98CEC211A4FB200E69BCB /* TFLErrorContainerVIew.swift */ = {isa = PBXFileReference; lastKnownFileType = sourcecode.swift; path = TFLErrorContainerVIew.swift; sourceTree = "<group>"; };
		56B86EAC1DE4FED000A89D16 /* TFLBusStopArrivalsViewModelSpecs.swift */ = {isa = PBXFileReference; fileEncoding = 4; lastKnownFileType = sourcecode.swift; path = TFLBusStopArrivalsViewModelSpecs.swift; sourceTree = "<group>"; };
		56B888EF21BDD039008CC2B8 /* TFLVehicleArrivalInfo.swift */ = {isa = PBXFileReference; fileEncoding = 4; lastKnownFileType = sourcecode.swift; path = TFLVehicleArrivalInfo.swift; sourceTree = "<group>"; };
		56BA8F8C20FBE22A0031A3E4 /* Arrivals.json */ = {isa = PBXFileReference; lastKnownFileType = text.json; path = Arrivals.json; sourceTree = "<group>"; };
		56BA8F8E20FBE4550031A3E4 /* Busstops.json */ = {isa = PBXFileReference; fileEncoding = 4; lastKnownFileType = text.json; path = Busstops.json; sourceTree = "<group>"; };
		56BA8F9020FBE7550031A3E4 /* TestUrlProtocol.swift */ = {isa = PBXFileReference; lastKnownFileType = sourcecode.swift; path = TestUrlProtocol.swift; sourceTree = "<group>"; };
		56BA8F9220FE9BB60031A3E4 /* QuickSpec+Helper.swift */ = {isa = PBXFileReference; lastKnownFileType = sourcecode.swift; path = "QuickSpec+Helper.swift"; sourceTree = "<group>"; };
		56BDFDA121FBC109009B0FEF /* TFLDroppingBallView.swift */ = {isa = PBXFileReference; lastKnownFileType = sourcecode.swift; path = TFLDroppingBallView.swift; sourceTree = "<group>"; };
		56C0944B20D9ADD800581995 /* Settings.bundle */ = {isa = PBXFileReference; lastKnownFileType = "wrapper.plug-in"; path = Settings.bundle; sourceTree = "<group>"; };
		56C21B3122183D4A0040B7AE /* Model 2.xcdatamodel */ = {isa = PBXFileReference; lastKnownFileType = wrapper.xcdatamodel; path = "Model 2.xcdatamodel"; sourceTree = "<group>"; };
		56C6A3461DF44F6A00067D06 /* TFLStationDetailMapViewAnnotation.swift */ = {isa = PBXFileReference; fileEncoding = 4; lastKnownFileType = sourcecode.swift; path = TFLStationDetailMapViewAnnotation.swift; sourceTree = "<group>"; };
		56C8288F1DE8E9FA00E52086 /* TFLChangeSetProtocolSpecs.swift */ = {isa = PBXFileReference; fileEncoding = 4; lastKnownFileType = sourcecode.swift; path = TFLChangeSetProtocolSpecs.swift; sourceTree = "<group>"; };
		56C828951DEA396400E52086 /* TFLCollectionFlowLayout.swift */ = {isa = PBXFileReference; fileEncoding = 4; lastKnownFileType = sourcecode.swift; path = TFLCollectionFlowLayout.swift; sourceTree = "<group>"; };
		56D0AF321E141D2C00F466C4 /* TFLAnimatedLabel.swift */ = {isa = PBXFileReference; fileEncoding = 4; lastKnownFileType = sourcecode.swift; path = TFLAnimatedLabel.swift; sourceTree = "<group>"; };
		56D70D131DD9A25F004CA293 /* TFLLocationManager.swift */ = {isa = PBXFileReference; fileEncoding = 4; lastKnownFileType = sourcecode.swift; path = TFLLocationManager.swift; sourceTree = "<group>"; };
		56D70D311DD9A7A6004CA293 /* en */ = {isa = PBXFileReference; lastKnownFileType = text.plist.strings; name = en; path = en.lproj/InfoPlist.strings; sourceTree = "<group>"; };
		56D70D331DD9A7A6004CA293 /* en */ = {isa = PBXFileReference; lastKnownFileType = text.plist.strings; name = en; path = en.lproj/Localizable.strings; sourceTree = "<group>"; };
		56DA42EB21051E8A00ED9C54 /* TFLBusStopArrivalsInfoSpecs.swift */ = {isa = PBXFileReference; fileEncoding = 4; lastKnownFileType = sourcecode.swift; path = TFLBusStopArrivalsInfoSpecs.swift; sourceTree = "<group>"; };
		56DD18FC20A0B078003335D1 /* TFLTimerSpecs.swift */ = {isa = PBXFileReference; fileEncoding = 4; lastKnownFileType = sourcecode.swift; path = TFLTimerSpecs.swift; sourceTree = "<group>"; };
		56DD18FF20A0B0C1003335D1 /* TFLTimer.swift */ = {isa = PBXFileReference; fileEncoding = 4; lastKnownFileType = sourcecode.swift; path = TFLTimer.swift; sourceTree = "<group>"; };
		56E7217C221234C600733B9F /* TFLOfflineView.swift */ = {isa = PBXFileReference; fileEncoding = 4; lastKnownFileType = sourcecode.swift; path = TFLOfflineView.swift; sourceTree = "<group>"; };
		56E7217F2213625C00733B9F /* TFLSplashscreenController.swift */ = {isa = PBXFileReference; lastKnownFileType = sourcecode.swift; path = TFLSplashscreenController.swift; sourceTree = "<group>"; };
		56E721812214CF6D00733B9F /* UIViewController+Helper.swift */ = {isa = PBXFileReference; lastKnownFileType = sourcecode.swift; path = "UIViewController+Helper.swift"; sourceTree = "<group>"; };
		7A89F45A39DFA1D633B11475 /* Pods-tflApp Tests.release.xcconfig */ = {isa = PBXFileReference; includeInIndex = 1; lastKnownFileType = text.xcconfig; name = "Pods-tflApp Tests.release.xcconfig"; path = "Pods/Target Support Files/Pods-tflApp Tests/Pods-tflApp Tests.release.xcconfig"; sourceTree = "<group>"; };
		A103EB36E89F05E8B43D63BE /* libPods-tflapp.a */ = {isa = PBXFileReference; explicitFileType = archive.ar; includeInIndex = 0; path = "libPods-tflapp.a"; sourceTree = BUILT_PRODUCTS_DIR; };
		BEB656AE4FFADE13DD37A13F /* Pods-tflApp Tests.debug.xcconfig */ = {isa = PBXFileReference; includeInIndex = 1; lastKnownFileType = text.xcconfig; name = "Pods-tflApp Tests.debug.xcconfig"; path = "Pods/Target Support Files/Pods-tflApp Tests/Pods-tflApp Tests.debug.xcconfig"; sourceTree = "<group>"; };
		E5F3652046144D840A09945C /* libPods-tflApp Tests.a */ = {isa = PBXFileReference; explicitFileType = archive.ar; includeInIndex = 0; path = "libPods-tflApp Tests.a"; sourceTree = BUILT_PRODUCTS_DIR; };
/* End PBXFileReference section */

/* Begin PBXFrameworksBuildPhase section */
		5657D3631DE387E6004E4CD0 /* Frameworks */ = {
			isa = PBXFrameworksBuildPhase;
			buildActionMask = 2147483647;
			files = (
				E20D423B8CB389E40E7B31A8 /* libPods-tflApp Tests.a in Frameworks */,
			);
			runOnlyForDeploymentPostprocessing = 0;
		};
		56A81B281DD862DC001DF7F1 /* Frameworks */ = {
			isa = PBXFrameworksBuildPhase;
			buildActionMask = 2147483647;
			files = (
				412222F26B670B4DE4DA2909 /* libPods-tflapp.a in Frameworks */,
			);
			runOnlyForDeploymentPostprocessing = 0;
		};
/* End PBXFrameworksBuildPhase section */

/* Begin PBXGroup section */
		5600FC8C217C8E2600B7EC7E /* TFLHUD */ = {
			isa = PBXGroup;
			children = (
				5600FC8D217C8E4400B7EC7E /* TFLHUD.swift */,
			);
			path = TFLHUD;
			sourceTree = "<group>";
		};
		56113B2C223F7DAE00C8EDA4 /* GoogleRouteInfo */ = {
			isa = PBXGroup;
			children = (
				56113B2D223F7DC900C8EDA4 /* GoogleRouteInfo.swift */,
			);
			path = GoogleRouteInfo;
			sourceTree = "<group>";
		};
		561CA50B210A655C0008B656 /* TFLSynchroniser */ = {
			isa = PBXGroup;
			children = (
				561CA50C210A656B0008B656 /* TFLSynchroniser.swift */,
			);
			path = TFLSynchroniser;
			sourceTree = "<group>";
		};
		563FF2EF21A34524006DB5BB /* TFLCircleAnimationView */ = {
			isa = PBXGroup;
			children = (
				563FF2F021A34524006DB5BB /* TFLCircleAnimationView.swift */,
			);
			path = TFLCircleAnimationView;
			sourceTree = "<group>";
		};
		56439A1E21B861680076A906 /* TFLTimerButton */ = {
			isa = PBXGroup;
			children = (
				56439A1F21B861680076A906 /* TFLTimerButton.swift */,
			);
			path = TFLTimerButton;
			sourceTree = "<group>";
		};
		564CA5A2222355CB00E69A1C /* PolyLine */ = {
			isa = PBXGroup;
			children = (
				564CA5A3222355F400E69A1C /* PolyLine.swift */,
			);
			path = PolyLine;
			sourceTree = "<group>";
		};
		564EC6F31DE0A289008CFD11 /* TFLButton */ = {
			isa = PBXGroup;
			children = (
				564EC6F41DE0A2A0008CFD11 /* TFLButton.swift */,
			);
			path = TFLButton;
			sourceTree = "<group>";
		};
		564EC6FE1DE1917D008CFD11 /* TFLNearbyBusStationsController */ = {
			isa = PBXGroup;
			children = (
				564EC6FF1DE1917D008CFD11 /* TFLBusPredictionView.swift */,
				564EC7001DE1917D008CFD11 /* TFLBusPredictionViewCell.swift */,
				564EC7011DE1917D008CFD11 /* TFLBusStationArrivalsCell.swift */,
				564EC7021DE1917D008CFD11 /* TFLBusStopArrivalsInfo.swift */,
				564EC7031DE1917D008CFD11 /* TFLBusStopArrivalsViewModel.swift */,
				564EC7041DE1917D008CFD11 /* TFLNearbyBusStationsController.swift */,
				56C828951DEA396400E52086 /* TFLCollectionFlowLayout.swift */,
			);
			path = TFLNearbyBusStationsController;
			sourceTree = "<group>";
		};
		5657D3671DE387E6004E4CD0 /* tflApp Tests */ = {
			isa = PBXGroup;
			children = (
				564CA5A52223561600E69A1C /* PolyLineSpecs.swift */,
				5683592321839E8B0096615D /* TFLHUDSpecs.swift */,
				56835921218392070096615D /* TFLAnimatedLabelSpecs.swift */,
				56DA42EB21051E8A00ED9C54 /* TFLBusStopArrivalsInfoSpecs.swift */,
				560CF30621735C4900ED0BA5 /* TFLDateSpecs.swift */,
				56DD18FC20A0B078003335D1 /* TFLTimerSpecs.swift */,
				56113B28223BA68200C8EDA4 /* CLLocationCoordinate2DSpecs.swift */,
				561FD9011F1FADD30012466A /* TFLClientSpecs.swift */,
				5641F6ED1F19F68100A3A9D2 /* TFLRequestManagerSpecs.swift */,
				5657D3701DE38ADF004E4CD0 /* TFLBusPredictionSpecs.swift */,
				5657D3721DE3A00A004E4CD0 /* TFLCDBusStopSpecs.swift */,
				5657D3741DE3B480004E4CD0 /* TFLNotificationObserverSpec.swift */,
				56B86EAC1DE4FED000A89D16 /* TFLBusStopArrivalsViewModelSpecs.swift */,
				5646C4021DE62389006EA956 /* TFLBusStationArrivalsCellSpecs.swift */,
				5685ADC31DEF8DDC009FD6A5 /* TFLBusPredictionViewCellSpecs.swift */,
				56C8288F1DE8E9FA00E52086 /* TFLChangeSetProtocolSpecs.swift */,
				56577D0020A0CF7700B40318 /* TFLRootViewControllerSpecs.swift */,
				5657D36A1DE387E6004E4CD0 /* Info.plist */,
				56113B2A223BA70000C8EDA4 /* LoopRoute.json */,
				56113B2F224021BA00C8EDA4 /* LoopRoute2.json */,
				56BA8F8C20FBE22A0031A3E4 /* Arrivals.json */,
				56BA8F8E20FBE4550031A3E4 /* Busstops.json */,
				56BA8F9020FBE7550031A3E4 /* TestUrlProtocol.swift */,
				56BA8F9220FE9BB60031A3E4 /* QuickSpec+Helper.swift */,
			);
			path = "tflApp Tests";
			sourceTree = "<group>";
		};
		565A1FC11DD8F317003CE960 /* Network */ = {
			isa = PBXGroup;
			children = (
				565A1FC21DD8F317003CE960 /* TLFRequestManager.swift */,
				565A1FC41DD8F331003CE960 /* TLFClient.swift */,
			);
			path = Network;
			sourceTree = "<group>";
		};
		565A1FC61DD8F6D9003CE960 /* CoreData */ = {
			isa = PBXGroup;
			children = (
				5689612020C074AE00335DEB /* TFLCDLineRoute+CoreDataClass.swift */,
				5689612120C074AE00335DEB /* TFLCDLineRoute+CoreDataProperties.swift */,
				567F533720BC20610022FEFF /* TFLCDLineInfo+CoreDataClass.swift */,
				567F533820BC20610022FEFF /* TFLCDLineInfo+CoreDataProperties.swift */,
				566EF7CA1DDB0851006162D7 /* TFLCDBusStop+CoreDataClass.swift */,
				566EF7CB1DDB0851006162D7 /* TFLCDBusStop+CoreDataProperties.swift */,
				565A1FC71DD8F6E6003CE960 /* TFLCoreDataStack.swift */,
				566EF7D21DDB71CE006162D7 /* TFLBusStopStack.swift */,
			);
			path = CoreData;
			sourceTree = "<group>";
		};
		565A1FC91DD8F8D1003CE960 /* Common */ = {
			isa = PBXGroup;
			children = (
				56113B2C223F7DAE00C8EDA4 /* GoogleRouteInfo */,
				564CA5A2222355CB00E69A1C /* PolyLine */,
				56E7217B221234C600733B9F /* TFLOfflineView */,
				56439A1E21B861680076A906 /* TFLTimerButton */,
				563FF2EF21A34524006DB5BB /* TFLCircleAnimationView */,
				56A4907D219799DF004024D9 /* TFLCoreSpotLightDataProvider */,
				5600FC8C217C8E2600B7EC7E /* TFLHUD */,
				561CA50B210A655C0008B656 /* TFLSynchroniser */,
				5666A75620F11BE6003A38D4 /* TFLLogger */,
				56DD18FE20A0B0C1003335D1 /* TFLTimer */,
				56D0AF311E141D0F00F466C4 /* TFLAnimatedLabel */,
				564EC6F31DE0A289008CFD11 /* TFLButton */,
				566EF7E01DDC59D9006162D7 /* Extensions */,
				56D70D121DD9A24E004CA293 /* TFLLocationManager */,
				565A1FCD1DD8F93F003CE960 /* TFLNotificationObserver */,
			);
			path = Common;
			sourceTree = "<group>";
		};
		565A1FCD1DD8F93F003CE960 /* TFLNotificationObserver */ = {
			isa = PBXGroup;
			children = (
				565A1FCE1DD8F93F003CE960 /* TFLNotificationObserver.swift */,
			);
			path = TFLNotificationObserver;
			sourceTree = "<group>";
		};
		5666A75620F11BE6003A38D4 /* TFLLogger */ = {
			isa = PBXGroup;
			children = (
				5666A75720F11C40003A38D4 /* TFLLogger.swift */,
			);
			path = TFLLogger;
			sourceTree = "<group>";
		};
		566EF7C31DDA2D31006162D7 /* DataModel */ = {
			isa = PBXGroup;
			children = (
				56B888EF21BDD039008CC2B8 /* TFLVehicleArrivalInfo.swift */,
				566EF7C61DDA3A2B006162D7 /* TFLBusPrediction.swift */,
			);
			path = DataModel;
			sourceTree = "<group>";
		};
		566EF7D41DDC4D14006162D7 /* ViewController */ = {
			isa = PBXGroup;
			children = (
				56E7217E22135C3700733B9F /* TFLSplashscreenController */,
				567F533B20BDB3250022FEFF /* TFLStationDetailController */,
				5692B5011DF2E4C200C56A3C /* TFLMapViewController */,
				5692B4FE1DF2E21100C56A3C /* TFLSlideContainerController */,
				564EC6FE1DE1917D008CFD11 /* TFLNearbyBusStationsController */,
				566EF7D51DDC4D14006162D7 /* TFLRootViewController */,
			);
			path = ViewController;
			sourceTree = "<group>";
		};
		566EF7D51DDC4D14006162D7 /* TFLRootViewController */ = {
			isa = PBXGroup;
			children = (
				566EF7D61DDC4D14006162D7 /* TFLRootViewController.swift */,
				56823EAD1DDDA5B300E79B1A /* TFLNoGPSEnabledView.swift */,
				56823EAB1DDDA54100E79B1A /* TFLLoadArrivalTimesView.swift */,
				56823EA91DDDA4CC00E79B1A /* TFLNoStationsView.swift */,
				56823EA51DDDA39600E79B1A /* TFLLoadLocationView.swift */,
				56823EA71DDDA45600E79B1A /* TFLLoadNearbyStationsView.swift */,
				56A98CE82115A9B100E69BCB /* TFLBusArrivalInfoAggregator.swift */,
				56A98CEA2115B2E600E69BCB /* TFLBusStopDBGenerator.swift */,
				56A98CEC211A4FB200E69BCB /* TFLErrorContainerVIew.swift */,
				5632A7A121B342BB000E2E81 /* TFLUpdateStatusView.swift */,
			);
			path = TFLRootViewController;
			sourceTree = "<group>";
		};
		566EF7E01DDC59D9006162D7 /* Extensions */ = {
			isa = PBXGroup;
			children = (
				5699A68B218EE77100CD1427 /* CLLocationCoordinate2D+Helper.swift */,
				561CA508210A607F0008B656 /* Collection+Transform.swift */,
				561CA507210A607E0008B656 /* Collection+IndexPath.swift */,
				566EF7E11DDC59ED006162D7 /* UIFont.swift */,
				560CF3042173569600ED0BA5 /* Date+String.swift */,
				5699A686218E2E3C00CD1427 /* UIImage+Helper.swift */,
				56E721812214CF6D00733B9F /* UIViewController+Helper.swift */,
				564CA5A7222356B200E69A1C /* Array+Helper.swift */,
			);
			path = Extensions;
			sourceTree = "<group>";
		};
		567F533B20BDB3250022FEFF /* TFLStationDetailController */ = {
			isa = PBXGroup;
			children = (
				567224FA20CD8EE3007DA481 /* TFLStationDetailMapBusRouteOverLay.swift */,
				5683021C20C476A30035CCA1 /* TFLStationDetailMapViewController.swift */,
				56C6A3461DF44F6A00067D06 /* TFLStationDetailMapViewAnnotation.swift */,
				5672250220D578C5007DA481 /* TFLStationDetailBusStopAnnotationView.swift */,
				567F534820BF13030022FEFF /* TFLStationDetailTableViewController.swift */,
				567F533C20BDB34E0022FEFF /* TFLStationDetailController.swift */,
				5689612420C089CE00335DEB /* TFLStationDetailSectionHeaderView.swift */,
				5689612620C08AFC00335DEB /* TFLStationDetailSectionHeaderView.xib */,
				567F533E20BDB9C40022FEFF /* TFLStationDetailHeaderView.swift */,
				567F534620BECA1B0022FEFF /* TFLStationDetailTableViewCell.swift */,
				567F534A20BF19350022FEFF /* TFLStationDetailTableViewModel.swift */,
				5683021E20C49D230035CCA1 /* TFLStationDetailMapViewModel.swift */,
				5683591F218243BE0096615D /* TFLStationDetailErrorView.swift */,
				568E068421E6B14D00E92AF7 /* TFLArrivalInfoView.swift */,
				56BDFDA121FBC109009B0FEF /* TFLDroppingBallView.swift */,
			);
			path = TFLStationDetailController;
			sourceTree = "<group>";
		};
		5692B4FE1DF2E21100C56A3C /* TFLSlideContainerController */ = {
			isa = PBXGroup;
			children = (
				5692B4FF1DF2E26300C56A3C /* TFLSlideContainerController.swift */,
				562DBF591E05B6780028F3CD /* TFLSnapHandler.swift */,
			);
			path = TFLSlideContainerController;
			sourceTree = "<group>";
		};
		5692B5011DF2E4C200C56A3C /* TFLMapViewController */ = {
			isa = PBXGroup;
			children = (
				5692B5021DF2E4EB00C56A3C /* TFLMapViewController.swift */,
				567224FC20D564BE007DA481 /* TFLMapViewAnnotation.swift */,
				567224FE20D570A5007DA481 /* TFLBusStopAnnotationView.swift */,
			);
			path = TFLMapViewController;
			sourceTree = "<group>";
		};
		56A4907D219799DF004024D9 /* TFLCoreSpotLightDataProvider */ = {
			isa = PBXGroup;
			children = (
				56567179219A244600F3B7EE /* TFLLineInfoRouteDirectory.swift */,
				56A4907B219781C0004024D9 /* TFLRouteFormatter.swift */,
				56A4907E219799EA004024D9 /* TFLCoreSpotLightDataProvider.swift */,
			);
			path = TFLCoreSpotLightDataProvider;
			sourceTree = "<group>";
		};
		56A81B221DD862DC001DF7F1 = {
			isa = PBXGroup;
			children = (
				56A81B2D1DD862DC001DF7F1 /* tflapp */,
				5657D3671DE387E6004E4CD0 /* tflApp Tests */,
				56A81B2C1DD862DC001DF7F1 /* Products */,
				B6405A0BEDCDF1FE409534F9 /* Pods */,
				FE001E57A0E40DC9805C38C7 /* Frameworks */,
			);
			sourceTree = "<group>";
		};
		56A81B2C1DD862DC001DF7F1 /* Products */ = {
			isa = PBXGroup;
			children = (
				56A81B2B1DD862DC001DF7F1 /* London Bus.app */,
				5657D3661DE387E6004E4CD0 /* tflApp Tests.xctest */,
			);
			name = Products;
			sourceTree = "<group>";
		};
		56A81B2D1DD862DC001DF7F1 /* tflapp */ = {
			isa = PBXGroup;
			children = (
				566EF7C31DDA2D31006162D7 /* DataModel */,
				565A1FC91DD8F8D1003CE960 /* Common */,
				565A1FC11DD8F317003CE960 /* Network */,
				565A1FC61DD8F6D9003CE960 /* CoreData */,
				56A81B2E1DD862DC001DF7F1 /* TFLAppDelegate.swift */,
				566EF7D41DDC4D14006162D7 /* ViewController */,
				56A81B321DD862DC001DF7F1 /* Main.storyboard */,
				56A81B381DD862DC001DF7F1 /* Assets.xcassets */,
				56A81B3A1DD862DC001DF7F1 /* LaunchScreen.storyboard */,
				56A4907121977B40004024D9 /* tflapp.entitlements */,
				56C0944B20D9ADD800581995 /* Settings.bundle */,
				56A81B3D1DD862DC001DF7F1 /* Info.plist */,
				56A4907921977FF6004024D9 /* abbreviations.plist */,
				56D70D2F1DD9A7A6004CA293 /* Localization */,
				566EF7D01DDB5679006162D7 /* TFLBusStops.sqlite */,
				565A1FD01DD8FB2A003CE960 /* Model.xcdatamodeld */,
				5642EF0720ED63AD00A7914F /* mapstogpx20180704_193755.gpx */,
				564EC6EF1DDFAA67008CFD11 /* LICENSE */,
			);
			path = tflapp;
			sourceTree = "<group>";
		};
		56D0AF311E141D0F00F466C4 /* TFLAnimatedLabel */ = {
			isa = PBXGroup;
			children = (
				56D0AF321E141D2C00F466C4 /* TFLAnimatedLabel.swift */,
			);
			path = TFLAnimatedLabel;
			sourceTree = "<group>";
		};
		56D70D121DD9A24E004CA293 /* TFLLocationManager */ = {
			isa = PBXGroup;
			children = (
				56D70D131DD9A25F004CA293 /* TFLLocationManager.swift */,
			);
			path = TFLLocationManager;
			sourceTree = "<group>";
		};
		56D70D2F1DD9A7A6004CA293 /* Localization */ = {
			isa = PBXGroup;
			children = (
				56D70D301DD9A7A6004CA293 /* InfoPlist.strings */,
				56D70D321DD9A7A6004CA293 /* Localizable.strings */,
			);
			path = Localization;
			sourceTree = "<group>";
		};
		56DD18FE20A0B0C1003335D1 /* TFLTimer */ = {
			isa = PBXGroup;
			children = (
				56DD18FF20A0B0C1003335D1 /* TFLTimer.swift */,
			);
			path = TFLTimer;
			sourceTree = "<group>";
		};
		56E7217B221234C600733B9F /* TFLOfflineView */ = {
			isa = PBXGroup;
			children = (
				56E7217C221234C600733B9F /* TFLOfflineView.swift */,
			);
			path = TFLOfflineView;
			sourceTree = "<group>";
		};
		56E7217E22135C3700733B9F /* TFLSplashscreenController */ = {
			isa = PBXGroup;
			children = (
				56E7217F2213625C00733B9F /* TFLSplashscreenController.swift */,
			);
			path = TFLSplashscreenController;
			sourceTree = "<group>";
		};
		B6405A0BEDCDF1FE409534F9 /* Pods */ = {
			isa = PBXGroup;
			children = (
				BEB656AE4FFADE13DD37A13F /* Pods-tflApp Tests.debug.xcconfig */,
				7A89F45A39DFA1D633B11475 /* Pods-tflApp Tests.release.xcconfig */,
				29D20D8BDB3378F1D7CC9DAE /* Pods-tflapp.debug.xcconfig */,
				09B8C602EFB434FF269AB5A9 /* Pods-tflapp.release.xcconfig */,
			);
			name = Pods;
			sourceTree = "<group>";
		};
		FE001E57A0E40DC9805C38C7 /* Frameworks */ = {
			isa = PBXGroup;
			children = (
				A103EB36E89F05E8B43D63BE /* libPods-tflapp.a */,
				E5F3652046144D840A09945C /* libPods-tflApp Tests.a */,
			);
			name = Frameworks;
			sourceTree = "<group>";
		};
/* End PBXGroup section */

/* Begin PBXNativeTarget section */
		5657D3651DE387E6004E4CD0 /* tflApp Tests */ = {
			isa = PBXNativeTarget;
			buildConfigurationList = 5657D36F1DE387E6004E4CD0 /* Build configuration list for PBXNativeTarget "tflApp Tests" */;
			buildPhases = (
				CA12D93F7484B0C6E06F9920 /* [CP] Check Pods Manifest.lock */,
				5657D3621DE387E6004E4CD0 /* Sources */,
				5657D3631DE387E6004E4CD0 /* Frameworks */,
				5657D3641DE387E6004E4CD0 /* Resources */,
			);
			buildRules = (
			);
			dependencies = (
				5657D36C1DE387E6004E4CD0 /* PBXTargetDependency */,
			);
			name = "tflApp Tests";
			productName = "tflApp Tests";
			productReference = 5657D3661DE387E6004E4CD0 /* tflApp Tests.xctest */;
			productType = "com.apple.product-type.bundle.unit-test";
		};
		56A81B2A1DD862DC001DF7F1 /* tflapp */ = {
			isa = PBXNativeTarget;
			buildConfigurationList = 56A81B401DD862DC001DF7F1 /* Build configuration list for PBXNativeTarget "tflapp" */;
			buildPhases = (
				E665C226CB022DA33D91ED39 /* [CP] Check Pods Manifest.lock */,
				564EC6F11DDFE180008CFD11 /* Inject API Keys */,
				56A81B271DD862DC001DF7F1 /* Sources */,
				56A81B281DD862DC001DF7F1 /* Frameworks */,
				56A81B291DD862DC001DF7F1 /* Resources */,
				564EC6F21DDFE205008CFD11 /* Remove API Keys */,
				567CE45B20E412F100DADE45 /* Swift Lint */,
			);
			buildRules = (
			);
			dependencies = (
			);
			name = tflapp;
			productName = tflapp;
			productReference = 56A81B2B1DD862DC001DF7F1 /* London Bus.app */;
			productType = "com.apple.product-type.application";
		};
/* End PBXNativeTarget section */

/* Begin PBXProject section */
		56A81B231DD862DC001DF7F1 /* Project object */ = {
			isa = PBXProject;
			attributes = {
				LastSwiftUpdateCheck = 0820;
				LastUpgradeCheck = 0930;
				ORGANIZATIONNAME = SAMedialabs;
				TargetAttributes = {
					5657D3651DE387E6004E4CD0 = {
						CreatedOnToolsVersion = 8.1;
						DevelopmentTeam = RF4LJPC23U;
						LastSwiftMigration = 0900;
						ProvisioningStyle = Automatic;
						TestTargetID = 56A81B2A1DD862DC001DF7F1;
					};
					56A81B2A1DD862DC001DF7F1 = {
						CreatedOnToolsVersion = 8.1;
						DevelopmentTeam = RF4LJPC23U;
						LastSwiftMigration = 0900;
						ProvisioningStyle = Automatic;
						SystemCapabilities = {
							com.apple.ApplicationGroups.iOS = {
								enabled = 0;
							};
							com.apple.DataProtection = {
								enabled = 1;
							};
						};
					};
				};
			};
			buildConfigurationList = 56A81B261DD862DC001DF7F1 /* Build configuration list for PBXProject "tflapp" */;
			compatibilityVersion = "Xcode 3.2";
			developmentRegion = English;
			hasScannedForEncodings = 0;
			knownRegions = (
				en,
				Base,
				de,
				es,
				fr,
				pt,
			);
			mainGroup = 56A81B221DD862DC001DF7F1;
			productRefGroup = 56A81B2C1DD862DC001DF7F1 /* Products */;
			projectDirPath = "";
			projectRoot = "";
			targets = (
				56A81B2A1DD862DC001DF7F1 /* tflapp */,
				5657D3651DE387E6004E4CD0 /* tflApp Tests */,
			);
		};
/* End PBXProject section */

/* Begin PBXResourcesBuildPhase section */
		5657D3641DE387E6004E4CD0 /* Resources */ = {
			isa = PBXResourcesBuildPhase;
			buildActionMask = 2147483647;
			files = (
				56BA8F8F20FBE4550031A3E4 /* Busstops.json in Resources */,
				56113B2B223BA70000C8EDA4 /* LoopRoute.json in Resources */,
				56113B30224021BA00C8EDA4 /* LoopRoute2.json in Resources */,
				56BA8F8D20FBE22A0031A3E4 /* Arrivals.json in Resources */,
			);
			runOnlyForDeploymentPostprocessing = 0;
		};
		56A81B291DD862DC001DF7F1 /* Resources */ = {
			isa = PBXResourcesBuildPhase;
			buildActionMask = 2147483647;
			files = (
				56C0944C20D9AE0C00581995 /* Settings.bundle in Resources */,
				566EF7D11DDB5685006162D7 /* TFLBusStops.sqlite in Resources */,
				56A81B3C1DD862DC001DF7F1 /* LaunchScreen.storyboard in Resources */,
				5689612720C08AFC00335DEB /* TFLStationDetailSectionHeaderView.xib in Resources */,
				56D70D351DD9A7A6004CA293 /* Localizable.strings in Resources */,
				56A81B391DD862DC001DF7F1 /* Assets.xcassets in Resources */,
				56A4907721977FF6004024D9 /* abbreviations.plist in Resources */,
				56A81B341DD862DC001DF7F1 /* Main.storyboard in Resources */,
				56D70D341DD9A7A6004CA293 /* InfoPlist.strings in Resources */,
			);
			runOnlyForDeploymentPostprocessing = 0;
		};
/* End PBXResourcesBuildPhase section */

/* Begin PBXShellScriptBuildPhase section */
		564EC6F11DDFE180008CFD11 /* Inject API Keys */ = {
			isa = PBXShellScriptBuildPhase;
			buildActionMask = 2147483647;
			files = (
			);
			inputPaths = (
			);
			name = "Inject API Keys";
			outputPaths = (
			);
			runOnlyForDeploymentPostprocessing = 0;
			shellPath = /bin/sh;
			shellScript = "\nif [ -e \".env\" ]\nthen\nsource .env\nfind . -name TLFRequestManager.swift -exec sed -i \"\" \"s/PASTE_YOUR_APPLICATION_ID_HERE/$TFLApplicationID/g\" {} \\;\nfind . -name TLFRequestManager.swift -exec sed -i \"\" \"s/PASTE_YOUR_APPLICATION_KEY_HERE/$TFLApplicationKey/g\" {} \\;\nfind . -name Info.plist -exec sed -i \"\" \"s/PASTE_YOUR_FABRIC_API_KEY_HERE/$TFLFABBRICSAPIKEY/g\" {} \\;\nfi\n";
			showEnvVarsInLog = 0;
		};
		564EC6F21DDFE205008CFD11 /* Remove API Keys */ = {
			isa = PBXShellScriptBuildPhase;
			buildActionMask = 2147483647;
			files = (
			);
			inputPaths = (
			);
			name = "Remove API Keys";
			outputPaths = (
			);
			runOnlyForDeploymentPostprocessing = 0;
			shellPath = /bin/sh;
			shellScript = "if [ -e \".env\" ]\nthen\nsource .env\nfind . -name TLFRequestManager.swift -exec sed -i \"\" \"s/$TFLApplicationID/PASTE_YOUR_APPLICATION_ID_HERE/g\" {} \\;\nfind . -name TLFRequestManager.swift -exec sed -i \"\" \"s/$TFLApplicationKey/PASTE_YOUR_APPLICATION_KEY_HERE/g\" {} \\;\nfind . -name Info.plist -exec sed -i \"\" \"s/$TFLFABBRICSAPIKEY/PASTE_YOUR_FABRIC_API_KEY_HERE/g\" {} \\;\nfi\n";
		};
		567CE45B20E412F100DADE45 /* Swift Lint */ = {
			isa = PBXShellScriptBuildPhase;
			buildActionMask = 2147483647;
			files = (
			);
			inputPaths = (
			);
			name = "Swift Lint";
			outputPaths = (
			);
			runOnlyForDeploymentPostprocessing = 0;
			shellPath = /bin/sh;
			shellScript = "\"${PODS_ROOT}/SwiftLint/swiftlint\"\n";
		};
		CA12D93F7484B0C6E06F9920 /* [CP] Check Pods Manifest.lock */ = {
			isa = PBXShellScriptBuildPhase;
			buildActionMask = 2147483647;
			files = (
			);
			inputPaths = (
				"${PODS_PODFILE_DIR_PATH}/Podfile.lock",
				"${PODS_ROOT}/Manifest.lock",
			);
			name = "[CP] Check Pods Manifest.lock";
			outputPaths = (
				"$(DERIVED_FILE_DIR)/Pods-tflApp Tests-checkManifestLockResult.txt",
			);
			runOnlyForDeploymentPostprocessing = 0;
			shellPath = /bin/sh;
			shellScript = "diff \"${PODS_PODFILE_DIR_PATH}/Podfile.lock\" \"${PODS_ROOT}/Manifest.lock\" > /dev/null\nif [ $? != 0 ] ; then\n    # print error to STDERR\n    echo \"error: The sandbox is not in sync with the Podfile.lock. Run 'pod install' or update your CocoaPods installation.\" >&2\n    exit 1\nfi\n# This output is used by Xcode 'outputs' to avoid re-running this script phase.\necho \"SUCCESS\" > \"${SCRIPT_OUTPUT_FILE_0}\"\n";
			showEnvVarsInLog = 0;
		};
		E665C226CB022DA33D91ED39 /* [CP] Check Pods Manifest.lock */ = {
			isa = PBXShellScriptBuildPhase;
			buildActionMask = 2147483647;
			files = (
			);
			inputPaths = (
				"${PODS_PODFILE_DIR_PATH}/Podfile.lock",
				"${PODS_ROOT}/Manifest.lock",
			);
			name = "[CP] Check Pods Manifest.lock";
			outputPaths = (
				"$(DERIVED_FILE_DIR)/Pods-tflapp-checkManifestLockResult.txt",
			);
			runOnlyForDeploymentPostprocessing = 0;
			shellPath = /bin/sh;
			shellScript = "diff \"${PODS_PODFILE_DIR_PATH}/Podfile.lock\" \"${PODS_ROOT}/Manifest.lock\" > /dev/null\nif [ $? != 0 ] ; then\n    # print error to STDERR\n    echo \"error: The sandbox is not in sync with the Podfile.lock. Run 'pod install' or update your CocoaPods installation.\" >&2\n    exit 1\nfi\n# This output is used by Xcode 'outputs' to avoid re-running this script phase.\necho \"SUCCESS\" > \"${SCRIPT_OUTPUT_FILE_0}\"\n";
			showEnvVarsInLog = 0;
		};
/* End PBXShellScriptBuildPhase section */

/* Begin PBXSourcesBuildPhase section */
		5657D3621DE387E6004E4CD0 /* Sources */ = {
			isa = PBXSourcesBuildPhase;
			buildActionMask = 2147483647;
			files = (
				56DA42EC21051E8A00ED9C54 /* TFLBusStopArrivalsInfoSpecs.swift in Sources */,
				5685ADC41DEF8DDC009FD6A5 /* TFLBusPredictionViewCellSpecs.swift in Sources */,
				564CA5A62223561600E69A1C /* PolyLineSpecs.swift in Sources */,
				5641F6EE1F19F68B00A3A9D2 /* TFLRequestManagerSpecs.swift in Sources */,
				56DD18FD20A0B078003335D1 /* TFLTimerSpecs.swift in Sources */,
				56577D0120A0CF7700B40318 /* TFLRootViewControllerSpecs.swift in Sources */,
				5657D3711DE38ADF004E4CD0 /* TFLBusPredictionSpecs.swift in Sources */,
				56C828901DE8E9FA00E52086 /* TFLChangeSetProtocolSpecs.swift in Sources */,
				56BA8F9320FE9BB60031A3E4 /* QuickSpec+Helper.swift in Sources */,
				56835922218392070096615D /* TFLAnimatedLabelSpecs.swift in Sources */,
				5683592421839E8B0096615D /* TFLHUDSpecs.swift in Sources */,
				561FD9021F1FB1F50012466A /* TFLClientSpecs.swift in Sources */,
				56B86EAD1DE4FED000A89D16 /* TFLBusStopArrivalsViewModelSpecs.swift in Sources */,
				5657D3731DE3A00A004E4CD0 /* TFLCDBusStopSpecs.swift in Sources */,
				56113B29223BA68200C8EDA4 /* CLLocationCoordinate2DSpecs.swift in Sources */,
				56BA8F9120FBE7550031A3E4 /* TestUrlProtocol.swift in Sources */,
				5657D3751DE3B480004E4CD0 /* TFLNotificationObserverSpec.swift in Sources */,
				5646C4031DE62389006EA956 /* TFLBusStationArrivalsCellSpecs.swift in Sources */,
				560CF30721735C4900ED0BA5 /* TFLDateSpecs.swift in Sources */,
			);
			runOnlyForDeploymentPostprocessing = 0;
		};
		56A81B271DD862DC001DF7F1 /* Sources */ = {
			isa = PBXSourcesBuildPhase;
			buildActionMask = 2147483647;
			files = (
				56D70D141DD9A25F004CA293 /* TFLLocationManager.swift in Sources */,
				564CA5A4222355F400E69A1C /* PolyLine.swift in Sources */,
				567F533F20BDB9C50022FEFF /* TFLStationDetailHeaderView.swift in Sources */,
				56C6A3471DF44F6A00067D06 /* TFLStationDetailMapViewAnnotation.swift in Sources */,
				5672250320D578C6007DA481 /* TFLStationDetailBusStopAnnotationView.swift in Sources */,
				561CA509210A607F0008B656 /* Collection+IndexPath.swift in Sources */,
				5689612220C074AE00335DEB /* TFLCDLineRoute+CoreDataClass.swift in Sources */,
				565A1FC51DD8F331003CE960 /* TLFClient.swift in Sources */,
				564EC7061DE1917D008CFD11 /* TFLBusPredictionViewCell.swift in Sources */,
				56823EAA1DDDA4CC00E79B1A /* TFLNoStationsView.swift in Sources */,
				5600FC8E217C8E4400B7EC7E /* TFLHUD.swift in Sources */,
				565A1FC31DD8F317003CE960 /* TLFRequestManager.swift in Sources */,
				56A81B2F1DD862DC001DF7F1 /* TFLAppDelegate.swift in Sources */,
				561CA50D210A656B0008B656 /* TFLSynchroniser.swift in Sources */,
				56BDFDA221FBC109009B0FEF /* TFLDroppingBallView.swift in Sources */,
				564EC7081DE1917D008CFD11 /* TFLBusStopArrivalsInfo.swift in Sources */,
				56823EAE1DDDA5B300E79B1A /* TFLNoGPSEnabledView.swift in Sources */,
				568E068521E6B14D00E92AF7 /* TFLArrivalInfoView.swift in Sources */,
				567F533D20BDB34E0022FEFF /* TFLStationDetailController.swift in Sources */,
				564CA5A8222356B200E69A1C /* Array+Helper.swift in Sources */,
				567F534920BF13040022FEFF /* TFLStationDetailTableViewController.swift in Sources */,
				56C828961DEA396400E52086 /* TFLCollectionFlowLayout.swift in Sources */,
				567224FD20D564BF007DA481 /* TFLMapViewAnnotation.swift in Sources */,
				567224FF20D570A5007DA481 /* TFLBusStopAnnotationView.swift in Sources */,
				56DD190020A0B0C1003335D1 /* TFLTimer.swift in Sources */,
				560CF3052173569600ED0BA5 /* Date+String.swift in Sources */,
				566EF7C71DDA3A2B006162D7 /* TFLBusPrediction.swift in Sources */,
				56C2D6DC1DE5D6B000F43628 /* TFLBusStopArrivalsViewModel.swift in Sources */,
				566EF7CC1DDB0851006162D7 /* TFLCDBusStop+CoreDataClass.swift in Sources */,
				564EC6F51DE0A2A0008CFD11 /* TFLButton.swift in Sources */,
				567F533920BC20610022FEFF /* TFLCDLineInfo+CoreDataClass.swift in Sources */,
				56823EA61DDDA39600E79B1A /* TFLLoadLocationView.swift in Sources */,
				562DBF5A1E05B6780028F3CD /* TFLSnapHandler.swift in Sources */,
				5689612520C089CF00335DEB /* TFLStationDetailSectionHeaderView.swift in Sources */,
				56A98CED211A4FB200E69BCB /* TFLErrorContainerVIew.swift in Sources */,
				56A98CEB2115B2E600E69BCB /* TFLBusStopDBGenerator.swift in Sources */,
				567224FB20CD8EE3007DA481 /* TFLStationDetailMapBusRouteOverLay.swift in Sources */,
				56D0AF331E141D2C00F466C4 /* TFLAnimatedLabel.swift in Sources */,
				5683021F20C49D230035CCA1 /* TFLStationDetailMapViewModel.swift in Sources */,
				565A1FC81DD8F6E6003CE960 /* TFLCoreDataStack.swift in Sources */,
				56A98CE92115A9B100E69BCB /* TFLBusArrivalInfoAggregator.swift in Sources */,
				565A1FD21DD8FB2A003CE960 /* Model.xcdatamodeld in Sources */,
				56E721822214CF6D00733B9F /* UIViewController+Helper.swift in Sources */,
				56823EAC1DDDA54100E79B1A /* TFLLoadArrivalTimesView.swift in Sources */,
				5683021D20C476A30035CCA1 /* TFLStationDetailMapViewController.swift in Sources */,
				565A1FCF1DD8F93F003CE960 /* TFLNotificationObserver.swift in Sources */,
				5666A75820F11C40003A38D4 /* TFLLogger.swift in Sources */,
				5689612320C074AE00335DEB /* TFLCDLineRoute+CoreDataProperties.swift in Sources */,
				567F534B20BF19360022FEFF /* TFLStationDetailTableViewModel.swift in Sources */,
				56B888F021BDD039008CC2B8 /* TFLVehicleArrivalInfo.swift in Sources */,
				567F534720BECA1B0022FEFF /* TFLStationDetailTableViewCell.swift in Sources */,
				56A4907F219799EA004024D9 /* TFLCoreSpotLightDataProvider.swift in Sources */,
				5699A68C218EE77200CD1427 /* CLLocationCoordinate2D+Helper.swift in Sources */,
				566EF7D31DDB71CE006162D7 /* TFLBusStopStack.swift in Sources */,
				566EF7E21DDC59ED006162D7 /* UIFont.swift in Sources */,
				56823EA81DDDA45600E79B1A /* TFLLoadNearbyStationsView.swift in Sources */,
				561CA50A210A607F0008B656 /* Collection+Transform.swift in Sources */,
				567F533A20BC20610022FEFF /* TFLCDLineInfo+CoreDataProperties.swift in Sources */,
				56113B2E223F7DC900C8EDA4 /* GoogleRouteInfo.swift in Sources */,
				56835920218243BE0096615D /* TFLStationDetailErrorView.swift in Sources */,
				5692B5031DF2E4EB00C56A3C /* TFLMapViewController.swift in Sources */,
				56E721802213625C00733B9F /* TFLSplashscreenController.swift in Sources */,
				56E7217D221234C600733B9F /* TFLOfflineView.swift in Sources */,
				564EC70A1DE1917D008CFD11 /* TFLNearbyBusStationsController.swift in Sources */,
				5656717A219A244700F3B7EE /* TFLLineInfoRouteDirectory.swift in Sources */,
				56A4907C219781C0004024D9 /* TFLRouteFormatter.swift in Sources */,
				5699A687218E2E3C00CD1427 /* UIImage+Helper.swift in Sources */,
				5692B5001DF2E26300C56A3C /* TFLSlideContainerController.swift in Sources */,
				566EF7D71DDC4D14006162D7 /* TFLRootViewController.swift in Sources */,
				56439A2021B861690076A906 /* TFLTimerButton.swift in Sources */,
				563FF2F121A34524006DB5BB /* TFLCircleAnimationView.swift in Sources */,
				5632A7A221B342BB000E2E81 /* TFLUpdateStatusView.swift in Sources */,
				564EC7051DE1917D008CFD11 /* TFLBusPredictionView.swift in Sources */,
				566EF7CD1DDB0851006162D7 /* TFLCDBusStop+CoreDataProperties.swift in Sources */,
				564EC7071DE1917D008CFD11 /* TFLBusStationArrivalsCell.swift in Sources */,
			);
			runOnlyForDeploymentPostprocessing = 0;
		};
/* End PBXSourcesBuildPhase section */

/* Begin PBXTargetDependency section */
		5657D36C1DE387E6004E4CD0 /* PBXTargetDependency */ = {
			isa = PBXTargetDependency;
			target = 56A81B2A1DD862DC001DF7F1 /* tflapp */;
			targetProxy = 5657D36B1DE387E6004E4CD0 /* PBXContainerItemProxy */;
		};
/* End PBXTargetDependency section */

/* Begin PBXVariantGroup section */
		56A4907121977B40004024D9 /* tflapp.entitlements */ = {
			isa = PBXVariantGroup;
			children = (
				56A4907021977B40004024D9 /* en */,
			);
			name = tflapp.entitlements;
			sourceTree = "<group>";
		};
		56A4907921977FF6004024D9 /* abbreviations.plist */ = {
			isa = PBXVariantGroup;
			children = (
				56A4907821977FF6004024D9 /* en */,
			);
			name = abbreviations.plist;
			sourceTree = "<group>";
		};
		56A81B321DD862DC001DF7F1 /* Main.storyboard */ = {
			isa = PBXVariantGroup;
			children = (
				56A81B331DD862DC001DF7F1 /* Base */,
			);
			name = Main.storyboard;
			sourceTree = "<group>";
		};
		56A81B3A1DD862DC001DF7F1 /* LaunchScreen.storyboard */ = {
			isa = PBXVariantGroup;
			children = (
				56A81B3B1DD862DC001DF7F1 /* Base */,
			);
			name = LaunchScreen.storyboard;
			sourceTree = "<group>";
		};
		56D70D301DD9A7A6004CA293 /* InfoPlist.strings */ = {
			isa = PBXVariantGroup;
			children = (
				56D70D311DD9A7A6004CA293 /* en */,
			);
			name = InfoPlist.strings;
			sourceTree = "<group>";
		};
		56D70D321DD9A7A6004CA293 /* Localizable.strings */ = {
			isa = PBXVariantGroup;
			children = (
				56D70D331DD9A7A6004CA293 /* en */,
			);
			name = Localizable.strings;
			sourceTree = "<group>";
		};
/* End PBXVariantGroup section */

/* Begin XCBuildConfiguration section */
		5657D36D1DE387E6004E4CD0 /* Debug */ = {
			isa = XCBuildConfiguration;
			baseConfigurationReference = BEB656AE4FFADE13DD37A13F /* Pods-tflApp Tests.debug.xcconfig */;
			buildSettings = {
				ALWAYS_EMBED_SWIFT_STANDARD_LIBRARIES = YES;
				BUNDLE_LOADER = "$(TEST_HOST)";
				CLANG_ENABLE_MODULES = YES;
				CODE_SIGN_ENTITLEMENTS = "";
				DEVELOPMENT_TEAM = RF4LJPC23U;
				INFOPLIST_FILE = "tflApp Tests/Info.plist";
				LD_RUNPATH_SEARCH_PATHS = "$(inherited) @executable_path/Frameworks @loader_path/Frameworks";
				PRODUCT_BUNDLE_IDENTIFIER = "com.samedialabs.tflApp-Tests";
				PRODUCT_NAME = "$(TARGET_NAME)";
				RUN_CLANG_STATIC_ANALYZER = NO;
				SWIFT_OPTIMIZATION_LEVEL = "-Onone";
				SWIFT_SWIFT3_OBJC_INFERENCE = Off;
				TEST_HOST = "$(BUILT_PRODUCTS_DIR)/London Bus.app/London Bus";
			};
			name = Debug;
		};
		5657D36E1DE387E6004E4CD0 /* Release */ = {
			isa = XCBuildConfiguration;
			baseConfigurationReference = 7A89F45A39DFA1D633B11475 /* Pods-tflApp Tests.release.xcconfig */;
			buildSettings = {
				ALWAYS_EMBED_SWIFT_STANDARD_LIBRARIES = YES;
				BUNDLE_LOADER = "$(TEST_HOST)";
				CLANG_ENABLE_MODULES = YES;
				CODE_SIGN_ENTITLEMENTS = "";
				DEVELOPMENT_TEAM = RF4LJPC23U;
				INFOPLIST_FILE = "tflApp Tests/Info.plist";
				LD_RUNPATH_SEARCH_PATHS = "$(inherited) @executable_path/Frameworks @loader_path/Frameworks";
				PRODUCT_BUNDLE_IDENTIFIER = "com.samedialabs.tflApp-Tests";
				PRODUCT_NAME = "$(TARGET_NAME)";
				RUN_CLANG_STATIC_ANALYZER = NO;
				SWIFT_SWIFT3_OBJC_INFERENCE = Off;
				TEST_HOST = "$(BUILT_PRODUCTS_DIR)/London Bus.app/London Bus";
			};
			name = Release;
		};
		56A81B3E1DD862DC001DF7F1 /* Debug */ = {
			isa = XCBuildConfiguration;
			buildSettings = {
				ALWAYS_EMBED_SWIFT_STANDARD_LIBRARIES = YES;
				ALWAYS_SEARCH_USER_PATHS = NO;
				CLANG_ANALYZER_LOCALIZABILITY_NONLOCALIZED = YES;
				CLANG_ANALYZER_NONNULL = YES;
				CLANG_CXX_LANGUAGE_STANDARD = "gnu++0x";
				CLANG_CXX_LIBRARY = "libc++";
				CLANG_ENABLE_MODULES = YES;
				CLANG_ENABLE_OBJC_ARC = YES;
				CLANG_WARN_BLOCK_CAPTURE_AUTORELEASING = YES;
				CLANG_WARN_BOOL_CONVERSION = YES;
				CLANG_WARN_COMMA = YES;
				CLANG_WARN_CONSTANT_CONVERSION = YES;
				CLANG_WARN_DEPRECATED_OBJC_IMPLEMENTATIONS = YES;
				CLANG_WARN_DIRECT_OBJC_ISA_USAGE = YES_ERROR;
				CLANG_WARN_DOCUMENTATION_COMMENTS = YES;
				CLANG_WARN_EMPTY_BODY = YES;
				CLANG_WARN_ENUM_CONVERSION = YES;
				CLANG_WARN_INFINITE_RECURSION = YES;
				CLANG_WARN_INT_CONVERSION = YES;
				CLANG_WARN_NON_LITERAL_NULL_CONVERSION = YES;
				CLANG_WARN_OBJC_IMPLICIT_RETAIN_SELF = YES;
				CLANG_WARN_OBJC_LITERAL_CONVERSION = YES;
				CLANG_WARN_OBJC_REPEATED_USE_OF_WEAK = YES_AGGRESSIVE;
				CLANG_WARN_OBJC_ROOT_CLASS = YES_ERROR;
				CLANG_WARN_RANGE_LOOP_ANALYSIS = YES;
				CLANG_WARN_STRICT_PROTOTYPES = YES;
				CLANG_WARN_SUSPICIOUS_MOVE = YES;
				CLANG_WARN_SUSPICIOUS_MOVES = YES;
				CLANG_WARN_UNREACHABLE_CODE = YES;
				CLANG_WARN__DUPLICATE_METHOD_MATCH = YES;
				CODE_SIGN_ENTITLEMENTS = "tflapp-dev.entitlements";
				"CODE_SIGN_IDENTITY[sdk=iphoneos*]" = "iPhone Developer";
				COPY_PHASE_STRIP = NO;
				DEBUG_INFORMATION_FORMAT = dwarf;
				ENABLE_STRICT_OBJC_MSGSEND = YES;
				ENABLE_TESTABILITY = YES;
				GCC_C_LANGUAGE_STANDARD = gnu99;
				GCC_DYNAMIC_NO_PIC = NO;
				GCC_NO_COMMON_BLOCKS = YES;
				GCC_OPTIMIZATION_LEVEL = 0;
				GCC_PRECOMPILE_PREFIX_HEADER = YES;
				GCC_PREPROCESSOR_DEFINITIONS = (
					"DEBUG=1",
					"$(inherited)",
				);
				GCC_TREAT_WARNINGS_AS_ERRORS = YES;
				GCC_WARN_64_TO_32_BIT_CONVERSION = YES;
				GCC_WARN_ABOUT_RETURN_TYPE = YES_ERROR;
				GCC_WARN_STRICT_SELECTOR_MATCH = NO;
				GCC_WARN_UNDECLARED_SELECTOR = YES;
				GCC_WARN_UNINITIALIZED_AUTOS = YES_AGGRESSIVE;
				GCC_WARN_UNUSED_FUNCTION = YES;
				GCC_WARN_UNUSED_VARIABLE = YES;
				IPHONEOS_DEPLOYMENT_TARGET = 12.0;
				MTL_ENABLE_DEBUG_INFO = YES;
				ONLY_ACTIVE_ARCH = YES;
				SDKROOT = iphoneos;
				SWIFT_ACTIVE_COMPILATION_CONDITIONS = DEBUG;
				SWIFT_OPTIMIZATION_LEVEL = "-Onone";
				SWIFT_SWIFT3_OBJC_INFERENCE = Off;
				SWIFT_TREAT_WARNINGS_AS_ERRORS = YES;
				SWIFT_VERSION = 4.2;
			};
			name = Debug;
		};
		56A81B3F1DD862DC001DF7F1 /* Release */ = {
			isa = XCBuildConfiguration;
			buildSettings = {
				ALWAYS_EMBED_SWIFT_STANDARD_LIBRARIES = YES;
				ALWAYS_SEARCH_USER_PATHS = NO;
				CLANG_ANALYZER_LOCALIZABILITY_NONLOCALIZED = YES;
				CLANG_ANALYZER_NONNULL = YES;
				CLANG_CXX_LANGUAGE_STANDARD = "gnu++0x";
				CLANG_CXX_LIBRARY = "libc++";
				CLANG_ENABLE_MODULES = YES;
				CLANG_ENABLE_OBJC_ARC = YES;
				CLANG_WARN_BLOCK_CAPTURE_AUTORELEASING = YES;
				CLANG_WARN_BOOL_CONVERSION = YES;
				CLANG_WARN_COMMA = YES;
				CLANG_WARN_CONSTANT_CONVERSION = YES;
				CLANG_WARN_DEPRECATED_OBJC_IMPLEMENTATIONS = YES;
				CLANG_WARN_DIRECT_OBJC_ISA_USAGE = YES_ERROR;
				CLANG_WARN_DOCUMENTATION_COMMENTS = YES;
				CLANG_WARN_EMPTY_BODY = YES;
				CLANG_WARN_ENUM_CONVERSION = YES;
				CLANG_WARN_INFINITE_RECURSION = YES;
				CLANG_WARN_INT_CONVERSION = YES;
				CLANG_WARN_NON_LITERAL_NULL_CONVERSION = YES;
				CLANG_WARN_OBJC_IMPLICIT_RETAIN_SELF = YES;
				CLANG_WARN_OBJC_LITERAL_CONVERSION = YES;
				CLANG_WARN_OBJC_REPEATED_USE_OF_WEAK = YES_AGGRESSIVE;
				CLANG_WARN_OBJC_ROOT_CLASS = YES_ERROR;
				CLANG_WARN_RANGE_LOOP_ANALYSIS = YES;
				CLANG_WARN_STRICT_PROTOTYPES = YES;
				CLANG_WARN_SUSPICIOUS_MOVE = YES;
				CLANG_WARN_SUSPICIOUS_MOVES = YES;
				CLANG_WARN_UNREACHABLE_CODE = YES;
				CLANG_WARN__DUPLICATE_METHOD_MATCH = YES;
				CODE_SIGN_ENTITLEMENTS = "tflapp-dev.entitlements";
				"CODE_SIGN_IDENTITY[sdk=iphoneos*]" = "iPhone Developer";
				COPY_PHASE_STRIP = NO;
				DEBUG_INFORMATION_FORMAT = "dwarf-with-dsym";
				ENABLE_NS_ASSERTIONS = NO;
				ENABLE_STRICT_OBJC_MSGSEND = YES;
				GCC_C_LANGUAGE_STANDARD = gnu99;
				GCC_NO_COMMON_BLOCKS = YES;
				GCC_PRECOMPILE_PREFIX_HEADER = YES;
				GCC_TREAT_WARNINGS_AS_ERRORS = YES;
				GCC_WARN_64_TO_32_BIT_CONVERSION = YES;
				GCC_WARN_ABOUT_RETURN_TYPE = YES_ERROR;
				GCC_WARN_STRICT_SELECTOR_MATCH = NO;
				GCC_WARN_UNDECLARED_SELECTOR = YES;
				GCC_WARN_UNINITIALIZED_AUTOS = YES_AGGRESSIVE;
				GCC_WARN_UNUSED_FUNCTION = YES;
				GCC_WARN_UNUSED_VARIABLE = YES;
				IPHONEOS_DEPLOYMENT_TARGET = 12.0;
				MTL_ENABLE_DEBUG_INFO = NO;
				SDKROOT = iphoneos;
				SWIFT_OPTIMIZATION_LEVEL = "-Owholemodule";
				SWIFT_SWIFT3_OBJC_INFERENCE = Off;
				SWIFT_TREAT_WARNINGS_AS_ERRORS = YES;
				SWIFT_VERSION = 4.2;
				VALIDATE_PRODUCT = YES;
			};
			name = Release;
		};
		56A81B411DD862DC001DF7F1 /* Debug */ = {
			isa = XCBuildConfiguration;
			baseConfigurationReference = 29D20D8BDB3378F1D7CC9DAE /* Pods-tflapp.debug.xcconfig */;
			buildSettings = {
				ASSETCATALOG_COMPILER_APPICON_NAME = AppIcon;
				CODE_SIGN_ENTITLEMENTS = tflapp/tflapp.entitlements;
				CODE_SIGN_IDENTITY = "iPhone Developer";
				"CODE_SIGN_IDENTITY[sdk=iphoneos*]" = "iPhone Developer";
				DEBUG_INFORMATION_FORMAT = "dwarf-with-dsym";
				DEVELOPMENT_TEAM = RF4LJPC23U;
				INFOPLIST_FILE = tflapp/Info.plist;
				LD_RUNPATH_SEARCH_PATHS = "$(inherited) @executable_path/Frameworks";
				OTHER_SWIFT_FLAGS = "";
				PRODUCT_BUNDLE_IDENTIFIER = com.samedialabs.tflapp;
				PRODUCT_NAME = "London Bus";
				PROVISIONING_PROFILE = "";
				PROVISIONING_PROFILE_SPECIFIER = "";
				STRIP_SWIFT_SYMBOLS = NO;
			};
			name = Debug;
		};
		56A81B421DD862DC001DF7F1 /* Release */ = {
			isa = XCBuildConfiguration;
			baseConfigurationReference = 09B8C602EFB434FF269AB5A9 /* Pods-tflapp.release.xcconfig */;
			buildSettings = {
				ASSETCATALOG_COMPILER_APPICON_NAME = AppIcon;
				CODE_SIGN_ENTITLEMENTS = tflapp/tflapp.entitlements;
				"CODE_SIGN_IDENTITY[sdk=iphoneos*]" = "iPhone Developer";
				DEVELOPMENT_TEAM = RF4LJPC23U;
				INFOPLIST_FILE = tflapp/Info.plist;
				LD_RUNPATH_SEARCH_PATHS = "$(inherited) @executable_path/Frameworks";
				LLVM_LTO = YES;
				OTHER_SWIFT_FLAGS = "";
				PRODUCT_BUNDLE_IDENTIFIER = com.samedialabs.tflapp;
				PRODUCT_NAME = "London Bus";
				PROVISIONING_PROFILE = "";
				PROVISIONING_PROFILE_SPECIFIER = "";
			};
			name = Release;
		};
/* End XCBuildConfiguration section */

/* Begin XCConfigurationList section */
		5657D36F1DE387E6004E4CD0 /* Build configuration list for PBXNativeTarget "tflApp Tests" */ = {
			isa = XCConfigurationList;
			buildConfigurations = (
				5657D36D1DE387E6004E4CD0 /* Debug */,
				5657D36E1DE387E6004E4CD0 /* Release */,
			);
			defaultConfigurationIsVisible = 0;
			defaultConfigurationName = Release;
		};
		56A81B261DD862DC001DF7F1 /* Build configuration list for PBXProject "tflapp" */ = {
			isa = XCConfigurationList;
			buildConfigurations = (
				56A81B3E1DD862DC001DF7F1 /* Debug */,
				56A81B3F1DD862DC001DF7F1 /* Release */,
			);
			defaultConfigurationIsVisible = 0;
			defaultConfigurationName = Release;
		};
		56A81B401DD862DC001DF7F1 /* Build configuration list for PBXNativeTarget "tflapp" */ = {
			isa = XCConfigurationList;
			buildConfigurations = (
				56A81B411DD862DC001DF7F1 /* Debug */,
				56A81B421DD862DC001DF7F1 /* Release */,
			);
			defaultConfigurationIsVisible = 0;
			defaultConfigurationName = Release;
		};
/* End XCConfigurationList section */

/* Begin XCVersionGroup section */
		565A1FD01DD8FB2A003CE960 /* Model.xcdatamodeld */ = {
			isa = XCVersionGroup;
			children = (
				56C21B3122183D4A0040B7AE /* Model 2.xcdatamodel */,
				565A1FD11DD8FB2A003CE960 /* Model.xcdatamodel */,
			);
			currentVersion = 56C21B3122183D4A0040B7AE /* Model 2.xcdatamodel */;
			path = Model.xcdatamodeld;
			sourceTree = "<group>";
			versionGroupType = wrapper.xcdatamodel;
		};
/* End XCVersionGroup section */
	};
	rootObject = 56A81B231DD862DC001DF7F1 /* Project object */;
}
